// !$*UTF8*$!
{
	archiveVersion = 1;
	classes = {
	};
	objectVersion = 50;
	objects = {

/* Begin PBXBuildFile section */
		1709D2FF20A0463300F3C61E /* AppDelegate.swift in Sources */ = {isa = PBXBuildFile; fileRef = 1709D2FE20A0463300F3C61E /* AppDelegate.swift */; };
		1709D30120A0463300F3C61E /* ViewController.swift in Sources */ = {isa = PBXBuildFile; fileRef = 1709D30020A0463300F3C61E /* ViewController.swift */; };
		1709D30420A0463300F3C61E /* Main.storyboard in Resources */ = {isa = PBXBuildFile; fileRef = 1709D30220A0463300F3C61E /* Main.storyboard */; };
		1709D30620A0463A00F3C61E /* Assets.xcassets in Resources */ = {isa = PBXBuildFile; fileRef = 1709D30520A0463A00F3C61E /* Assets.xcassets */; };
		1709D30920A0463A00F3C61E /* LaunchScreen.storyboard in Resources */ = {isa = PBXBuildFile; fileRef = 1709D30720A0463A00F3C61E /* LaunchScreen.storyboard */; };
		1709D31120A0465400F3C61E /* testViewController.m in Sources */ = {isa = PBXBuildFile; fileRef = 1709D31020A0465400F3C61E /* testViewController.m */; };
		1709D31420A0467800F3C61E /* libicucore.tbd in Frameworks */ = {isa = PBXBuildFile; fileRef = 1709D2F620A0415300F3C61E /* libicucore.tbd */; };
		178B225C2085BE5F00425E4D /* AppDelegate.m in Sources */ = {isa = PBXBuildFile; fileRef = 178B225B2085BE5F00425E4D /* AppDelegate.m */; };
		178B22622085BE5F00425E4D /* Main.storyboard in Resources */ = {isa = PBXBuildFile; fileRef = 178B22602085BE5F00425E4D /* Main.storyboard */; };
		178B22642085BE6000425E4D /* Assets.xcassets in Resources */ = {isa = PBXBuildFile; fileRef = 178B22632085BE6000425E4D /* Assets.xcassets */; };
		178B22672085BE6000425E4D /* LaunchScreen.storyboard in Resources */ = {isa = PBXBuildFile; fileRef = 178B22652085BE6000425E4D /* LaunchScreen.storyboard */; };
		178B226A2085BE6000425E4D /* main.m in Sources */ = {isa = PBXBuildFile; fileRef = 178B22692085BE6000425E4D /* main.m */; };
		178B22732085BF3F00425E4D /* DataSource.plist in Resources */ = {isa = PBXBuildFile; fileRef = 178B22722085BF3F00425E4D /* DataSource.plist */; };
		178B227A2085BF6D00425E4D /* DemoCollectionHeaderView.m in Sources */ = {isa = PBXBuildFile; fileRef = 178B22742085BF6C00425E4D /* DemoCollectionHeaderView.m */; };
		178B227B2085BF6D00425E4D /* DemoCollectionViewCell.m in Sources */ = {isa = PBXBuildFile; fileRef = 178B22752085BF6C00425E4D /* DemoCollectionViewCell.m */; };
		178B227C2085BF6D00425E4D /* DemoCollectionHeaderView.xib in Resources */ = {isa = PBXBuildFile; fileRef = 178B22772085BF6C00425E4D /* DemoCollectionHeaderView.xib */; };
		178B227D2085BF6D00425E4D /* DemoCollectionViewCell.xib in Resources */ = {isa = PBXBuildFile; fileRef = 178B22792085BF6D00425E4D /* DemoCollectionViewCell.xib */; };
		178B228B2085BF7B00425E4D /* EGHomeViewController.m in Sources */ = {isa = PBXBuildFile; fileRef = 178B227E2085BF7A00425E4D /* EGHomeViewController.m */; };
		178B228C2085BF7B00425E4D /* UIView+CustomLayout.m in Sources */ = {isa = PBXBuildFile; fileRef = 178B22842085BF7A00425E4D /* UIView+CustomLayout.m */; };
		178B228D2085BF7B00425E4D /* UIView+KeyboardAnimation.m in Sources */ = {isa = PBXBuildFile; fileRef = 178B22862085BF7A00425E4D /* UIView+KeyboardAnimation.m */; };
		178B228E2085BF7B00425E4D /* EGBaseViewController.m in Sources */ = {isa = PBXBuildFile; fileRef = 178B22872085BF7A00425E4D /* EGBaseViewController.m */; };
		178B228F2085BF7B00425E4D /* EGDemoController.m in Sources */ = {isa = PBXBuildFile; fileRef = 178B22882085BF7A00425E4D /* EGDemoController.m */; };
		178B22902085BF7B00425E4D /* EGTextField.m in Sources */ = {isa = PBXBuildFile; fileRef = 178B228A2085BF7B00425E4D /* EGTextField.m */; };
		178B22972085BF8200425E4D /* UIView+MGO.m in Sources */ = {isa = PBXBuildFile; fileRef = 178B22912085BF8100425E4D /* UIView+MGO.m */; };
		178B22982085BF8200425E4D /* NextViewController.m in Sources */ = {isa = PBXBuildFile; fileRef = 178B22932085BF8100425E4D /* NextViewController.m */; };
		17AF9AFB22A4F11600F8A384 /* AnalysysPush.framework in Frameworks */ = {isa = PBXBuildFile; fileRef = 17AF9AF422A4F11600F8A384 /* AnalysysPush.framework */; };
		17AF9AFC22A4F11600F8A384 /* AnalysysEncrypt.framework in Frameworks */ = {isa = PBXBuildFile; fileRef = 17AF9AF522A4F11600F8A384 /* AnalysysEncrypt.framework */; };
		17AF9AFD22A4F11600F8A384 /* AnalysysAgent.bundle in Resources */ = {isa = PBXBuildFile; fileRef = 17AF9AF722A4F11600F8A384 /* AnalysysAgent.bundle */; };
		17AF9AFE22A4F11600F8A384 /* Analysys_CMB.framework in Frameworks */ = {isa = PBXBuildFile; fileRef = 17AF9AF822A4F11600F8A384 /* Analysys_CMB.framework */; };
		17AF9AFF22A4F11600F8A384 /* AnalysysAgent.framework in Frameworks */ = {isa = PBXBuildFile; fileRef = 17AF9AF922A4F11600F8A384 /* AnalysysAgent.framework */; };
		17AF9B0022A4F11600F8A384 /* AnalysysVisual.framework in Frameworks */ = {isa = PBXBuildFile; fileRef = 17AF9AFA22A4F11600F8A384 /* AnalysysVisual.framework */; };
		E81E987920FDBF060063FAA1 /* libicucore.tbd in Frameworks */ = {isa = PBXBuildFile; fileRef = 1709D2F620A0415300F3C61E /* libicucore.tbd */; };
		E8B2C01621070F2A00CAC239 /* libz.tbd in Frameworks */ = {isa = PBXBuildFile; fileRef = E8B2C01521070F2A00CAC239 /* libz.tbd */; };
		E8B2C01821070F3600CAC239 /* AdSupport.framework in Frameworks */ = {isa = PBXBuildFile; fileRef = E8B2C01721070F3600CAC239 /* AdSupport.framework */; };
		E8B2C01A21070F3E00CAC239 /* CoreTelephony.framework in Frameworks */ = {isa = PBXBuildFile; fileRef = E8B2C01921070F3E00CAC239 /* CoreTelephony.framework */; };
		E8B2C01C21070F4900CAC239 /* SystemConfiguration.framework in Frameworks */ = {isa = PBXBuildFile; fileRef = E8B2C01B21070F4900CAC239 /* SystemConfiguration.framework */; };
		E8B2C01D21070F7000CAC239 /* CoreTelephony.framework in Frameworks */ = {isa = PBXBuildFile; fileRef = E8B2C01921070F3E00CAC239 /* CoreTelephony.framework */; };
		E8B2C01E21070F7400CAC239 /* libz.tbd in Frameworks */ = {isa = PBXBuildFile; fileRef = E8B2C01521070F2A00CAC239 /* libz.tbd */; };
		E8B2C01F21070F7900CAC239 /* SystemConfiguration.framework in Frameworks */ = {isa = PBXBuildFile; fileRef = E8B2C01B21070F4900CAC239 /* SystemConfiguration.framework */; };
		E8B2C02021070F8500CAC239 /* AdSupport.framework in Frameworks */ = {isa = PBXBuildFile; fileRef = E8B2C01721070F3600CAC239 /* AdSupport.framework */; };
		E8BE05DF212D501D00DFFFC3 /* EGWKWebViewController.xib in Resources */ = {isa = PBXBuildFile; fileRef = E8BE05C8212D501D00DFFFC3 /* EGWKWebViewController.xib */; };
		E8BE05E0212D501D00DFFFC3 /* EGWKWebViewController.m in Sources */ = {isa = PBXBuildFile; fileRef = E8BE05C9212D501D00DFFFC3 /* EGWKWebViewController.m */; };
		E8BE05E1212D501D00DFFFC3 /* EGWebViewController.xib in Resources */ = {isa = PBXBuildFile; fileRef = E8BE05CC212D501D00DFFFC3 /* EGWebViewController.xib */; };
		E8BE05E2212D501D00DFFFC3 /* EGWebViewController.m in Sources */ = {isa = PBXBuildFile; fileRef = E8BE05CD212D501D00DFFFC3 /* EGWebViewController.m */; };
		E8BE05E6212D514100DFFFC3 /* WebKit.framework in Frameworks */ = {isa = PBXBuildFile; fileRef = E8BE05E5212D514100DFFFC3 /* WebKit.framework */; };
		E8BE05E9212D52AC00DFFFC3 /* UIColor+Transform.m in Sources */ = {isa = PBXBuildFile; fileRef = E8BE05E7212D52AC00DFFFC3 /* UIColor+Transform.m */; };
/* End PBXBuildFile section */

/* Begin PBXFileReference section */
		1709D2F620A0415300F3C61E /* libicucore.tbd */ = {isa = PBXFileReference; lastKnownFileType = "sourcecode.text-based-dylib-definition"; name = libicucore.tbd; path = usr/lib/libicucore.tbd; sourceTree = SDKROOT; };
		1709D2FC20A0463200F3C61E /* AnalysysSwiftDemo.app */ = {isa = PBXFileReference; explicitFileType = wrapper.application; includeInIndex = 0; path = AnalysysSwiftDemo.app; sourceTree = BUILT_PRODUCTS_DIR; };
		1709D2FE20A0463300F3C61E /* AppDelegate.swift */ = {isa = PBXFileReference; lastKnownFileType = sourcecode.swift; path = AppDelegate.swift; sourceTree = "<group>"; };
		1709D30020A0463300F3C61E /* ViewController.swift */ = {isa = PBXFileReference; lastKnownFileType = sourcecode.swift; path = ViewController.swift; sourceTree = "<group>"; };
		1709D30320A0463300F3C61E /* Base */ = {isa = PBXFileReference; lastKnownFileType = file.storyboard; name = Base; path = Base.lproj/Main.storyboard; sourceTree = "<group>"; };
		1709D30520A0463A00F3C61E /* Assets.xcassets */ = {isa = PBXFileReference; lastKnownFileType = folder.assetcatalog; path = Assets.xcassets; sourceTree = "<group>"; };
		1709D30820A0463A00F3C61E /* Base */ = {isa = PBXFileReference; lastKnownFileType = file.storyboard; name = Base; path = Base.lproj/LaunchScreen.storyboard; sourceTree = "<group>"; };
		1709D30A20A0463A00F3C61E /* Info.plist */ = {isa = PBXFileReference; lastKnownFileType = text.plist.xml; path = Info.plist; sourceTree = "<group>"; };
		1709D30E20A0465400F3C61E /* AnalysysSwiftDemo-Bridging-Header.h */ = {isa = PBXFileReference; lastKnownFileType = sourcecode.c.h; path = "AnalysysSwiftDemo-Bridging-Header.h"; sourceTree = "<group>"; };
		1709D30F20A0465400F3C61E /* testViewController.h */ = {isa = PBXFileReference; lastKnownFileType = sourcecode.c.h; path = testViewController.h; sourceTree = "<group>"; };
		1709D31020A0465400F3C61E /* testViewController.m */ = {isa = PBXFileReference; lastKnownFileType = sourcecode.c.objc; path = testViewController.m; sourceTree = "<group>"; };
		1709D31220A0467000F3C61E /* EGAnalytics.framework */ = {isa = PBXFileReference; lastKnownFileType = wrapper.framework; name = EGAnalytics.framework; path = "../iOS SDK/EGAnalytics.framework"; sourceTree = "<group>"; };
		178B22572085BE5F00425E4D /* AnalysysDemo.app */ = {isa = PBXFileReference; explicitFileType = wrapper.application; includeInIndex = 0; path = AnalysysDemo.app; sourceTree = BUILT_PRODUCTS_DIR; };
		178B225A2085BE5F00425E4D /* AppDelegate.h */ = {isa = PBXFileReference; lastKnownFileType = sourcecode.c.h; path = AppDelegate.h; sourceTree = "<group>"; };
		178B225B2085BE5F00425E4D /* AppDelegate.m */ = {isa = PBXFileReference; lastKnownFileType = sourcecode.c.objc; path = AppDelegate.m; sourceTree = "<group>"; };
		178B22612085BE5F00425E4D /* Base */ = {isa = PBXFileReference; lastKnownFileType = file.storyboard; name = Base; path = Base.lproj/Main.storyboard; sourceTree = "<group>"; };
		178B22632085BE6000425E4D /* Assets.xcassets */ = {isa = PBXFileReference; lastKnownFileType = folder.assetcatalog; path = Assets.xcassets; sourceTree = "<group>"; };
		178B22662085BE6000425E4D /* Base */ = {isa = PBXFileReference; lastKnownFileType = file.storyboard; name = Base; path = Base.lproj/LaunchScreen.storyboard; sourceTree = "<group>"; };
		178B22682085BE6000425E4D /* Info.plist */ = {isa = PBXFileReference; lastKnownFileType = text.plist.xml; path = Info.plist; sourceTree = "<group>"; };
		178B22692085BE6000425E4D /* main.m */ = {isa = PBXFileReference; lastKnownFileType = sourcecode.c.objc; path = main.m; sourceTree = "<group>"; };
		178B22722085BF3F00425E4D /* DataSource.plist */ = {isa = PBXFileReference; fileEncoding = 4; lastKnownFileType = text.plist.xml; path = DataSource.plist; sourceTree = "<group>"; };
		178B22742085BF6C00425E4D /* DemoCollectionHeaderView.m */ = {isa = PBXFileReference; fileEncoding = 4; lastKnownFileType = sourcecode.c.objc; path = DemoCollectionHeaderView.m; sourceTree = "<group>"; };
		178B22752085BF6C00425E4D /* DemoCollectionViewCell.m */ = {isa = PBXFileReference; fileEncoding = 4; lastKnownFileType = sourcecode.c.objc; path = DemoCollectionViewCell.m; sourceTree = "<group>"; };
		178B22762085BF6C00425E4D /* DemoCollectionHeaderView.h */ = {isa = PBXFileReference; fileEncoding = 4; lastKnownFileType = sourcecode.c.h; path = DemoCollectionHeaderView.h; sourceTree = "<group>"; };
		178B22772085BF6C00425E4D /* DemoCollectionHeaderView.xib */ = {isa = PBXFileReference; fileEncoding = 4; lastKnownFileType = file.xib; path = DemoCollectionHeaderView.xib; sourceTree = "<group>"; };
		178B22782085BF6D00425E4D /* DemoCollectionViewCell.h */ = {isa = PBXFileReference; fileEncoding = 4; lastKnownFileType = sourcecode.c.h; path = DemoCollectionViewCell.h; sourceTree = "<group>"; };
		178B22792085BF6D00425E4D /* DemoCollectionViewCell.xib */ = {isa = PBXFileReference; fileEncoding = 4; lastKnownFileType = file.xib; path = DemoCollectionViewCell.xib; sourceTree = "<group>"; };
		178B227E2085BF7A00425E4D /* EGHomeViewController.m */ = {isa = PBXFileReference; fileEncoding = 4; lastKnownFileType = sourcecode.c.objc; path = EGHomeViewController.m; sourceTree = "<group>"; };
		178B227F2085BF7A00425E4D /* EGHomeViewController.h */ = {isa = PBXFileReference; fileEncoding = 4; lastKnownFileType = sourcecode.c.h; path = EGHomeViewController.h; sourceTree = "<group>"; };
		178B22802085BF7A00425E4D /* EGDemoController.h */ = {isa = PBXFileReference; fileEncoding = 4; lastKnownFileType = sourcecode.c.h; path = EGDemoController.h; sourceTree = "<group>"; };
		178B22812085BF7A00425E4D /* EGBaseViewController.h */ = {isa = PBXFileReference; fileEncoding = 4; lastKnownFileType = sourcecode.c.h; path = EGBaseViewController.h; sourceTree = "<group>"; };
		178B22832085BF7A00425E4D /* UIView+CustomLayout.h */ = {isa = PBXFileReference; fileEncoding = 4; lastKnownFileType = sourcecode.c.h; path = "UIView+CustomLayout.h"; sourceTree = "<group>"; };
		178B22842085BF7A00425E4D /* UIView+CustomLayout.m */ = {isa = PBXFileReference; fileEncoding = 4; lastKnownFileType = sourcecode.c.objc; path = "UIView+CustomLayout.m"; sourceTree = "<group>"; };
		178B22852085BF7A00425E4D /* UIView+KeyboardAnimation.h */ = {isa = PBXFileReference; fileEncoding = 4; lastKnownFileType = sourcecode.c.h; path = "UIView+KeyboardAnimation.h"; sourceTree = "<group>"; };
		178B22862085BF7A00425E4D /* UIView+KeyboardAnimation.m */ = {isa = PBXFileReference; fileEncoding = 4; lastKnownFileType = sourcecode.c.objc; path = "UIView+KeyboardAnimation.m"; sourceTree = "<group>"; };
		178B22872085BF7A00425E4D /* EGBaseViewController.m */ = {isa = PBXFileReference; fileEncoding = 4; lastKnownFileType = sourcecode.c.objc; path = EGBaseViewController.m; sourceTree = "<group>"; };
		178B22882085BF7A00425E4D /* EGDemoController.m */ = {isa = PBXFileReference; fileEncoding = 4; lastKnownFileType = sourcecode.c.objc; path = EGDemoController.m; sourceTree = "<group>"; };
		178B22892085BF7A00425E4D /* EGTextField.h */ = {isa = PBXFileReference; fileEncoding = 4; lastKnownFileType = sourcecode.c.h; path = EGTextField.h; sourceTree = "<group>"; };
		178B228A2085BF7B00425E4D /* EGTextField.m */ = {isa = PBXFileReference; fileEncoding = 4; lastKnownFileType = sourcecode.c.objc; path = EGTextField.m; sourceTree = "<group>"; };
		178B22912085BF8100425E4D /* UIView+MGO.m */ = {isa = PBXFileReference; fileEncoding = 4; lastKnownFileType = sourcecode.c.objc; path = "UIView+MGO.m"; sourceTree = "<group>"; };
		178B22922085BF8100425E4D /* UIView+MGO.h */ = {isa = PBXFileReference; fileEncoding = 4; lastKnownFileType = sourcecode.c.h; path = "UIView+MGO.h"; sourceTree = "<group>"; };
		178B22932085BF8100425E4D /* NextViewController.m */ = {isa = PBXFileReference; fileEncoding = 4; lastKnownFileType = sourcecode.c.objc; path = NextViewController.m; sourceTree = "<group>"; };
		178B22962085BF8100425E4D /* NextViewController.h */ = {isa = PBXFileReference; fileEncoding = 4; lastKnownFileType = sourcecode.c.h; path = NextViewController.h; sourceTree = "<group>"; };
		17AF9AF422A4F11600F8A384 /* AnalysysPush.framework */ = {isa = PBXFileReference; lastKnownFileType = wrapper.framework; path = AnalysysPush.framework; sourceTree = "<group>"; };
		17AF9AF522A4F11600F8A384 /* AnalysysEncrypt.framework */ = {isa = PBXFileReference; lastKnownFileType = wrapper.framework; path = AnalysysEncrypt.framework; sourceTree = "<group>"; };
		17AF9AF722A4F11600F8A384 /* AnalysysAgent.bundle */ = {isa = PBXFileReference; lastKnownFileType = "wrapper.plug-in"; path = AnalysysAgent.bundle; sourceTree = "<group>"; };
		17AF9AF822A4F11600F8A384 /* Analysys_CMB.framework */ = {isa = PBXFileReference; lastKnownFileType = wrapper.framework; path = Analysys_CMB.framework; sourceTree = "<group>"; };
		17AF9AF922A4F11600F8A384 /* AnalysysAgent.framework */ = {isa = PBXFileReference; lastKnownFileType = wrapper.framework; path = AnalysysAgent.framework; sourceTree = "<group>"; };
		17AF9AFA22A4F11600F8A384 /* AnalysysVisual.framework */ = {isa = PBXFileReference; lastKnownFileType = wrapper.framework; path = AnalysysVisual.framework; sourceTree = "<group>"; };
		E8B2C01521070F2A00CAC239 /* libz.tbd */ = {isa = PBXFileReference; lastKnownFileType = "sourcecode.text-based-dylib-definition"; name = libz.tbd; path = usr/lib/libz.tbd; sourceTree = SDKROOT; };
		E8B2C01721070F3600CAC239 /* AdSupport.framework */ = {isa = PBXFileReference; lastKnownFileType = wrapper.framework; name = AdSupport.framework; path = System/Library/Frameworks/AdSupport.framework; sourceTree = SDKROOT; };
		E8B2C01921070F3E00CAC239 /* CoreTelephony.framework */ = {isa = PBXFileReference; lastKnownFileType = wrapper.framework; name = CoreTelephony.framework; path = System/Library/Frameworks/CoreTelephony.framework; sourceTree = SDKROOT; };
		E8B2C01B21070F4900CAC239 /* SystemConfiguration.framework */ = {isa = PBXFileReference; lastKnownFileType = wrapper.framework; name = SystemConfiguration.framework; path = System/Library/Frameworks/SystemConfiguration.framework; sourceTree = SDKROOT; };
		E8BE05C8212D501D00DFFFC3 /* EGWKWebViewController.xib */ = {isa = PBXFileReference; fileEncoding = 4; lastKnownFileType = file.xib; path = EGWKWebViewController.xib; sourceTree = "<group>"; };
		E8BE05C9212D501D00DFFFC3 /* EGWKWebViewController.m */ = {isa = PBXFileReference; fileEncoding = 4; lastKnownFileType = sourcecode.c.objc; path = EGWKWebViewController.m; sourceTree = "<group>"; };
		E8BE05CA212D501D00DFFFC3 /* EGWebViewController.h */ = {isa = PBXFileReference; fileEncoding = 4; lastKnownFileType = sourcecode.c.h; path = EGWebViewController.h; sourceTree = "<group>"; };
		E8BE05CB212D501D00DFFFC3 /* EGWKWebViewController.h */ = {isa = PBXFileReference; fileEncoding = 4; lastKnownFileType = sourcecode.c.h; path = EGWKWebViewController.h; sourceTree = "<group>"; };
		E8BE05CC212D501D00DFFFC3 /* EGWebViewController.xib */ = {isa = PBXFileReference; fileEncoding = 4; lastKnownFileType = file.xib; path = EGWebViewController.xib; sourceTree = "<group>"; };
		E8BE05CD212D501D00DFFFC3 /* EGWebViewController.m */ = {isa = PBXFileReference; fileEncoding = 4; lastKnownFileType = sourcecode.c.objc; path = EGWebViewController.m; sourceTree = "<group>"; };
		E8BE05E5212D514100DFFFC3 /* WebKit.framework */ = {isa = PBXFileReference; lastKnownFileType = wrapper.framework; name = WebKit.framework; path = System/Library/Frameworks/WebKit.framework; sourceTree = SDKROOT; };
		E8BE05E7212D52AC00DFFFC3 /* UIColor+Transform.m */ = {isa = PBXFileReference; fileEncoding = 4; lastKnownFileType = sourcecode.c.objc; path = "UIColor+Transform.m"; sourceTree = "<group>"; };
		E8BE05E8212D52AC00DFFFC3 /* UIColor+Transform.h */ = {isa = PBXFileReference; fileEncoding = 4; lastKnownFileType = sourcecode.c.h; path = "UIColor+Transform.h"; sourceTree = "<group>"; };
/* End PBXFileReference section */

/* Begin PBXFrameworksBuildPhase section */
		1709D2F920A0463200F3C61E /* Frameworks */ = {
			isa = PBXFrameworksBuildPhase;
			buildActionMask = 2147483647;
			files = (
				E8B2C01C21070F4900CAC239 /* SystemConfiguration.framework in Frameworks */,
				E8B2C01A21070F3E00CAC239 /* CoreTelephony.framework in Frameworks */,
				E8B2C01821070F3600CAC239 /* AdSupport.framework in Frameworks */,
				E8B2C01621070F2A00CAC239 /* libz.tbd in Frameworks */,
				1709D31420A0467800F3C61E /* libicucore.tbd in Frameworks */,
			);
			runOnlyForDeploymentPostprocessing = 0;
		};
		178B22542085BE5F00425E4D /* Frameworks */ = {
			isa = PBXFrameworksBuildPhase;
			buildActionMask = 2147483647;
			files = (
				17AF9AFF22A4F11600F8A384 /* AnalysysAgent.framework in Frameworks */,
				17AF9AFB22A4F11600F8A384 /* AnalysysPush.framework in Frameworks */,
				E8BE05E6212D514100DFFFC3 /* WebKit.framework in Frameworks */,
				E8B2C02021070F8500CAC239 /* AdSupport.framework in Frameworks */,
				E8B2C01F21070F7900CAC239 /* SystemConfiguration.framework in Frameworks */,
				E8B2C01D21070F7000CAC239 /* CoreTelephony.framework in Frameworks */,
				E8B2C01E21070F7400CAC239 /* libz.tbd in Frameworks */,
				17AF9AFC22A4F11600F8A384 /* AnalysysEncrypt.framework in Frameworks */,
				E81E987920FDBF060063FAA1 /* libicucore.tbd in Frameworks */,
				17AF9AFE22A4F11600F8A384 /* Analysys_CMB.framework in Frameworks */,
				17AF9B0022A4F11600F8A384 /* AnalysysVisual.framework in Frameworks */,
			);
			runOnlyForDeploymentPostprocessing = 0;
		};
/* End PBXFrameworksBuildPhase section */

/* Begin PBXGroup section */
		1709D2F520A0415300F3C61E /* Frameworks */ = {
			isa = PBXGroup;
			children = (
				E8BE05E5212D514100DFFFC3 /* WebKit.framework */,
				E8B2C01B21070F4900CAC239 /* SystemConfiguration.framework */,
				E8B2C01921070F3E00CAC239 /* CoreTelephony.framework */,
				E8B2C01721070F3600CAC239 /* AdSupport.framework */,
				E8B2C01521070F2A00CAC239 /* libz.tbd */,
				1709D31220A0467000F3C61E /* EGAnalytics.framework */,
				1709D2F620A0415300F3C61E /* libicucore.tbd */,
			);
			name = Frameworks;
			sourceTree = "<group>";
		};
		1709D2FD20A0463300F3C61E /* AnalysysSwiftDemo */ = {
			isa = PBXGroup;
			children = (
				1709D2FE20A0463300F3C61E /* AppDelegate.swift */,
				1709D30020A0463300F3C61E /* ViewController.swift */,
				1709D30220A0463300F3C61E /* Main.storyboard */,
				1709D30520A0463A00F3C61E /* Assets.xcassets */,
				1709D30720A0463A00F3C61E /* LaunchScreen.storyboard */,
				1709D30A20A0463A00F3C61E /* Info.plist */,
				1709D30F20A0465400F3C61E /* testViewController.h */,
				1709D31020A0465400F3C61E /* testViewController.m */,
				1709D30E20A0465400F3C61E /* AnalysysSwiftDemo-Bridging-Header.h */,
			);
			path = AnalysysSwiftDemo;
			sourceTree = "<group>";
		};
		178B224E2085BE5F00425E4D = {
			isa = PBXGroup;
			children = (
				178B22592085BE5F00425E4D /* AnalysysDemo */,
				1709D2FD20A0463300F3C61E /* AnalysysSwiftDemo */,
				178B22582085BE5F00425E4D /* Products */,
				1709D2F520A0415300F3C61E /* Frameworks */,
			);
			sourceTree = "<group>";
		};
		178B22582085BE5F00425E4D /* Products */ = {
			isa = PBXGroup;
			children = (
				178B22572085BE5F00425E4D /* AnalysysDemo.app */,
				1709D2FC20A0463200F3C61E /* AnalysysSwiftDemo.app */,
			);
			name = Products;
			sourceTree = "<group>";
		};
		178B22592085BE5F00425E4D /* AnalysysDemo */ = {
			isa = PBXGroup;
			children = (
				17AF9AF322A4F11600F8A384 /* AnalysysSDK */,
				E8BE05AA212D501D00DFFFC3 /* Hybrid */,
				178B225A2085BE5F00425E4D /* AppDelegate.h */,
				178B225B2085BE5F00425E4D /* AppDelegate.m */,
				178B22812085BF7A00425E4D /* EGBaseViewController.h */,
				178B22872085BF7A00425E4D /* EGBaseViewController.m */,
				178B22802085BF7A00425E4D /* EGDemoController.h */,
				178B22882085BF7A00425E4D /* EGDemoController.m */,
				178B227F2085BF7A00425E4D /* EGHomeViewController.h */,
				178B227E2085BF7A00425E4D /* EGHomeViewController.m */,
				178B22722085BF3F00425E4D /* DataSource.plist */,
				178B22762085BF6C00425E4D /* DemoCollectionHeaderView.h */,
				178B22742085BF6C00425E4D /* DemoCollectionHeaderView.m */,
				178B22772085BF6C00425E4D /* DemoCollectionHeaderView.xib */,
				178B22782085BF6D00425E4D /* DemoCollectionViewCell.h */,
				178B22752085BF6C00425E4D /* DemoCollectionViewCell.m */,
				178B22792085BF6D00425E4D /* DemoCollectionViewCell.xib */,
				178B22962085BF8100425E4D /* NextViewController.h */,
				178B22932085BF8100425E4D /* NextViewController.m */,
				178B22922085BF8100425E4D /* UIView+MGO.h */,
				178B22912085BF8100425E4D /* UIView+MGO.m */,
				178B22892085BF7A00425E4D /* EGTextField.h */,
				178B228A2085BF7B00425E4D /* EGTextField.m */,
				E8BE05E8212D52AC00DFFFC3 /* UIColor+Transform.h */,
				E8BE05E7212D52AC00DFFFC3 /* UIColor+Transform.m */,
				178B22822085BF7A00425E4D /* HRKeyboardAnimation */,
				178B22632085BE6000425E4D /* Assets.xcassets */,
				178B22602085BE5F00425E4D /* Main.storyboard */,
				178B22652085BE6000425E4D /* LaunchScreen.storyboard */,
				178B22682085BE6000425E4D /* Info.plist */,
				178B22692085BE6000425E4D /* main.m */,
			);
			path = AnalysysDemo;
			sourceTree = "<group>";
		};
		178B22822085BF7A00425E4D /* HRKeyboardAnimation */ = {
			isa = PBXGroup;
			children = (
				178B22832085BF7A00425E4D /* UIView+CustomLayout.h */,
				178B22842085BF7A00425E4D /* UIView+CustomLayout.m */,
				178B22852085BF7A00425E4D /* UIView+KeyboardAnimation.h */,
				178B22862085BF7A00425E4D /* UIView+KeyboardAnimation.m */,
			);
			path = HRKeyboardAnimation;
			sourceTree = "<group>";
		};
		17AF9AF322A4F11600F8A384 /* AnalysysSDK */ = {
			isa = PBXGroup;
			children = (
				17AF9AF422A4F11600F8A384 /* AnalysysPush.framework */,
				17AF9AF522A4F11600F8A384 /* AnalysysEncrypt.framework */,
				17AF9AF622A4F11600F8A384 /* Resources */,
				17AF9AF822A4F11600F8A384 /* Analysys_CMB.framework */,
				17AF9AF922A4F11600F8A384 /* AnalysysAgent.framework */,
				17AF9AFA22A4F11600F8A384 /* AnalysysVisual.framework */,
			);
			path = AnalysysSDK;
			sourceTree = SOURCE_ROOT;
		};
		17AF9AF622A4F11600F8A384 /* Resources */ = {
			isa = PBXGroup;
			children = (
				17AF9AF722A4F11600F8A384 /* AnalysysAgent.bundle */,
			);
			path = Resources;
			sourceTree = "<group>";
		};
		E8BE05AA212D501D00DFFFC3 /* Hybrid */ = {
			isa = PBXGroup;
			children = (
				E8BE05CB212D501D00DFFFC3 /* EGWKWebViewController.h */,
				E8BE05C9212D501D00DFFFC3 /* EGWKWebViewController.m */,
				E8BE05C8212D501D00DFFFC3 /* EGWKWebViewController.xib */,
				E8BE05CA212D501D00DFFFC3 /* EGWebViewController.h */,
				E8BE05CD212D501D00DFFFC3 /* EGWebViewController.m */,
				E8BE05CC212D501D00DFFFC3 /* EGWebViewController.xib */,
			);
			path = Hybrid;
			sourceTree = "<group>";
		};
/* End PBXGroup section */

/* Begin PBXNativeTarget section */
		1709D2FB20A0463200F3C61E /* AnalysysSwiftDemo */ = {
			isa = PBXNativeTarget;
			buildConfigurationList = 1709D30D20A0463A00F3C61E /* Build configuration list for PBXNativeTarget "AnalysysSwiftDemo" */;
			buildPhases = (
				1709D2F820A0463200F3C61E /* Sources */,
				1709D2F920A0463200F3C61E /* Frameworks */,
				1709D2FA20A0463200F3C61E /* Resources */,
			);
			buildRules = (
			);
			dependencies = (
			);
			name = AnalysysSwiftDemo;
			productName = FangzhouSwiftDemo;
			productReference = 1709D2FC20A0463200F3C61E /* AnalysysSwiftDemo.app */;
			productType = "com.apple.product-type.application";
		};
		178B22562085BE5F00425E4D /* AnalysysDemo */ = {
			isa = PBXNativeTarget;
			buildConfigurationList = 178B226D2085BE6000425E4D /* Build configuration list for PBXNativeTarget "AnalysysDemo" */;
			buildPhases = (
				178B22532085BE5F00425E4D /* Sources */,
				178B22542085BE5F00425E4D /* Frameworks */,
				178B22552085BE5F00425E4D /* Resources */,
				178B22A0208755B700425E4D /* ShellScript */,
			);
			buildRules = (
			);
			dependencies = (
			);
			name = AnalysysDemo;
			productName = FangzhouDemo;
			productReference = 178B22572085BE5F00425E4D /* AnalysysDemo.app */;
			productType = "com.apple.product-type.application";
		};
/* End PBXNativeTarget section */

/* Begin PBXProject section */
		178B224F2085BE5F00425E4D /* Project object */ = {
			isa = PBXProject;
			attributes = {
				LastSwiftUpdateCheck = 0930;
				LastUpgradeCheck = 0930;
				ORGANIZATIONNAME = analysys;
				TargetAttributes = {
					1709D2FB20A0463200F3C61E = {
						CreatedOnToolsVersion = 9.3;
						LastSwiftMigration = 0930;
					};
					178B22562085BE5F00425E4D = {
						CreatedOnToolsVersion = 9.3;
					};
				};
			};
			buildConfigurationList = 178B22522085BE5F00425E4D /* Build configuration list for PBXProject "AnalysysDemo" */;
			compatibilityVersion = "Xcode 9.3";
			developmentRegion = en;
			hasScannedForEncodings = 0;
			knownRegions = (
				en,
				Base,
			);
			mainGroup = 178B224E2085BE5F00425E4D;
			productRefGroup = 178B22582085BE5F00425E4D /* Products */;
			projectDirPath = "";
			projectRoot = "";
			targets = (
				178B22562085BE5F00425E4D /* AnalysysDemo */,
				1709D2FB20A0463200F3C61E /* AnalysysSwiftDemo */,
			);
		};
/* End PBXProject section */

/* Begin PBXResourcesBuildPhase section */
		1709D2FA20A0463200F3C61E /* Resources */ = {
			isa = PBXResourcesBuildPhase;
			buildActionMask = 2147483647;
			files = (
				1709D30920A0463A00F3C61E /* LaunchScreen.storyboard in Resources */,
				1709D30620A0463A00F3C61E /* Assets.xcassets in Resources */,
				1709D30420A0463300F3C61E /* Main.storyboard in Resources */,
			);
			runOnlyForDeploymentPostprocessing = 0;
		};
		178B22552085BE5F00425E4D /* Resources */ = {
			isa = PBXResourcesBuildPhase;
			buildActionMask = 2147483647;
			files = (
				E8BE05E1212D501D00DFFFC3 /* EGWebViewController.xib in Resources */,
				178B22672085BE6000425E4D /* LaunchScreen.storyboard in Resources */,
				E8BE05DF212D501D00DFFFC3 /* EGWKWebViewController.xib in Resources */,
				178B22732085BF3F00425E4D /* DataSource.plist in Resources */,
				178B227C2085BF6D00425E4D /* DemoCollectionHeaderView.xib in Resources */,
				178B22642085BE6000425E4D /* Assets.xcassets in Resources */,
				17AF9AFD22A4F11600F8A384 /* AnalysysAgent.bundle in Resources */,
				178B22622085BE5F00425E4D /* Main.storyboard in Resources */,
				178B227D2085BF6D00425E4D /* DemoCollectionViewCell.xib in Resources */,
			);
			runOnlyForDeploymentPostprocessing = 0;
		};
/* End PBXResourcesBuildPhase section */

/* Begin PBXShellScriptBuildPhase section */
		178B22A0208755B700425E4D /* ShellScript */ = {
			isa = PBXShellScriptBuildPhase;
			buildActionMask = 2147483647;
			files = (
			);
			inputPaths = (
			);
			outputPaths = (
			);
			runOnlyForDeploymentPostprocessing = 0;
			shellPath = /bin/sh;
			shellScript = "#!/bin/bash\n\nbuildNumber=$(/usr/libexec/PlistBuddy -c \"Print CFBundleVersion\" \"$INFOPLIST_FILE\")\n\nbuildNumber=$(($buildNumber + 1))\n\n/usr/libexec/PlistBuddy -c \"Set :CFBundleVersion $buildNumber\" \"$INFOPLIST_FILE\"\n\n";
		};
/* End PBXShellScriptBuildPhase section */

/* Begin PBXSourcesBuildPhase section */
		1709D2F820A0463200F3C61E /* Sources */ = {
			isa = PBXSourcesBuildPhase;
			buildActionMask = 2147483647;
			files = (
				1709D31120A0465400F3C61E /* testViewController.m in Sources */,
				1709D30120A0463300F3C61E /* ViewController.swift in Sources */,
				1709D2FF20A0463300F3C61E /* AppDelegate.swift in Sources */,
			);
			runOnlyForDeploymentPostprocessing = 0;
		};
		178B22532085BE5F00425E4D /* Sources */ = {
			isa = PBXSourcesBuildPhase;
			buildActionMask = 2147483647;
			files = (
				E8BE05E0212D501D00DFFFC3 /* EGWKWebViewController.m in Sources */,
				178B228B2085BF7B00425E4D /* EGHomeViewController.m in Sources */,
				178B22972085BF8200425E4D /* UIView+MGO.m in Sources */,
				178B228F2085BF7B00425E4D /* EGDemoController.m in Sources */,
				178B22982085BF8200425E4D /* NextViewController.m in Sources */,
				178B228D2085BF7B00425E4D /* UIView+KeyboardAnimation.m in Sources */,
				178B226A2085BE6000425E4D /* main.m in Sources */,
				E8BE05E2212D501D00DFFFC3 /* EGWebViewController.m in Sources */,
				178B227A2085BF6D00425E4D /* DemoCollectionHeaderView.m in Sources */,
				E8BE05E9212D52AC00DFFFC3 /* UIColor+Transform.m in Sources */,
				178B228E2085BF7B00425E4D /* EGBaseViewController.m in Sources */,
				178B227B2085BF6D00425E4D /* DemoCollectionViewCell.m in Sources */,
				178B225C2085BE5F00425E4D /* AppDelegate.m in Sources */,
				178B22902085BF7B00425E4D /* EGTextField.m in Sources */,
				178B228C2085BF7B00425E4D /* UIView+CustomLayout.m in Sources */,
			);
			runOnlyForDeploymentPostprocessing = 0;
		};
/* End PBXSourcesBuildPhase section */

/* Begin PBXVariantGroup section */
		1709D30220A0463300F3C61E /* Main.storyboard */ = {
			isa = PBXVariantGroup;
			children = (
				1709D30320A0463300F3C61E /* Base */,
			);
			name = Main.storyboard;
			sourceTree = "<group>";
		};
		1709D30720A0463A00F3C61E /* LaunchScreen.storyboard */ = {
			isa = PBXVariantGroup;
			children = (
				1709D30820A0463A00F3C61E /* Base */,
			);
			name = LaunchScreen.storyboard;
			sourceTree = "<group>";
		};
		178B22602085BE5F00425E4D /* Main.storyboard */ = {
			isa = PBXVariantGroup;
			children = (
				178B22612085BE5F00425E4D /* Base */,
			);
			name = Main.storyboard;
			sourceTree = "<group>";
		};
		178B22652085BE6000425E4D /* LaunchScreen.storyboard */ = {
			isa = PBXVariantGroup;
			children = (
				178B22662085BE6000425E4D /* Base */,
			);
			name = LaunchScreen.storyboard;
			sourceTree = "<group>";
		};
/* End PBXVariantGroup section */

/* Begin XCBuildConfiguration section */
		1709D30B20A0463A00F3C61E /* Debug */ = {
			isa = XCBuildConfiguration;
			buildSettings = {
				ASSETCATALOG_COMPILER_APPICON_NAME = AppIcon;
				CLANG_ENABLE_MODULES = YES;
				CODE_SIGN_STYLE = Automatic;
				DEVELOPMENT_TEAM = 95YHL39M2F;
				FRAMEWORK_SEARCH_PATHS = (
					"$(inherited)",
					"$(PROJECT_DIR)/AnalysysSwiftDemo",
					"$(PROJECT_DIR)/AnalysysSwiftDemo/IDFA",
				);
				INFOPLIST_FILE = "$(SRCROOT)/AnalysysSwiftDemo/Info.plist";
				IPHONEOS_DEPLOYMENT_TARGET = 9.0;
				LD_RUNPATH_SEARCH_PATHS = (
					"$(inherited)",
					"@executable_path/Frameworks",
				);
				OTHER_LDFLAGS = "-ObjC";
				PRODUCT_BUNDLE_IDENTIFIER = com.analysys.AnalysysSwiftDemo;
				PRODUCT_NAME = "$(TARGET_NAME)";
				SWIFT_ACTIVE_COMPILATION_CONDITIONS = DEBUG;
				SWIFT_OBJC_BRIDGING_HEADER = "AnalysysSwiftDemo/AnalysysSwiftDemo-Bridging-Header.h";
				SWIFT_OPTIMIZATION_LEVEL = "-Onone";
				SWIFT_VERSION = 4.0;
				TARGETED_DEVICE_FAMILY = "1,2";
			};
			name = Debug;
		};
		1709D30C20A0463A00F3C61E /* Release */ = {
			isa = XCBuildConfiguration;
			buildSettings = {
				ASSETCATALOG_COMPILER_APPICON_NAME = AppIcon;
				CLANG_ENABLE_MODULES = YES;
				CODE_SIGN_STYLE = Automatic;
				DEVELOPMENT_TEAM = 95YHL39M2F;
				FRAMEWORK_SEARCH_PATHS = (
					"$(inherited)",
					"$(PROJECT_DIR)/AnalysysSwiftDemo",
					"$(PROJECT_DIR)/AnalysysSwiftDemo/IDFA",
				);
				INFOPLIST_FILE = "$(SRCROOT)/AnalysysSwiftDemo/Info.plist";
				IPHONEOS_DEPLOYMENT_TARGET = 9.0;
				LD_RUNPATH_SEARCH_PATHS = (
					"$(inherited)",
					"@executable_path/Frameworks",
				);
				OTHER_LDFLAGS = "-ObjC";
				PRODUCT_BUNDLE_IDENTIFIER = com.analysys.AnalysysSwiftDemo;
				PRODUCT_NAME = "$(TARGET_NAME)";
				SWIFT_COMPILATION_MODE = wholemodule;
				SWIFT_OBJC_BRIDGING_HEADER = "AnalysysSwiftDemo/AnalysysSwiftDemo-Bridging-Header.h";
				SWIFT_OPTIMIZATION_LEVEL = "-O";
				SWIFT_VERSION = 4.0;
				TARGETED_DEVICE_FAMILY = "1,2";
			};
			name = Release;
		};
		178B226B2085BE6000425E4D /* Debug */ = {
			isa = XCBuildConfiguration;
			buildSettings = {
				ALWAYS_SEARCH_USER_PATHS = NO;
				CLANG_ANALYZER_NONNULL = YES;
				CLANG_ANALYZER_NUMBER_OBJECT_CONVERSION = YES_AGGRESSIVE;
				CLANG_CXX_LANGUAGE_STANDARD = "gnu++14";
				CLANG_CXX_LIBRARY = "libc++";
				CLANG_ENABLE_MODULES = YES;
				CLANG_ENABLE_OBJC_ARC = YES;
				CLANG_ENABLE_OBJC_WEAK = YES;
				CLANG_WARN_BLOCK_CAPTURE_AUTORELEASING = YES;
				CLANG_WARN_BOOL_CONVERSION = YES;
				CLANG_WARN_COMMA = YES;
				CLANG_WARN_CONSTANT_CONVERSION = YES;
				CLANG_WARN_DEPRECATED_OBJC_IMPLEMENTATIONS = YES;
				CLANG_WARN_DIRECT_OBJC_ISA_USAGE = YES_ERROR;
				CLANG_WARN_DOCUMENTATION_COMMENTS = YES;
				CLANG_WARN_EMPTY_BODY = YES;
				CLANG_WARN_ENUM_CONVERSION = YES;
				CLANG_WARN_INFINITE_RECURSION = YES;
				CLANG_WARN_INT_CONVERSION = YES;
				CLANG_WARN_NON_LITERAL_NULL_CONVERSION = YES;
				CLANG_WARN_OBJC_IMPLICIT_RETAIN_SELF = YES;
				CLANG_WARN_OBJC_LITERAL_CONVERSION = YES;
				CLANG_WARN_OBJC_ROOT_CLASS = YES_ERROR;
				CLANG_WARN_RANGE_LOOP_ANALYSIS = YES;
				CLANG_WARN_STRICT_PROTOTYPES = YES;
				CLANG_WARN_SUSPICIOUS_MOVE = YES;
				CLANG_WARN_UNGUARDED_AVAILABILITY = YES_AGGRESSIVE;
				CLANG_WARN_UNREACHABLE_CODE = YES;
				CLANG_WARN__DUPLICATE_METHOD_MATCH = YES;
				CODE_SIGN_IDENTITY = "iPhone Developer";
				COPY_PHASE_STRIP = NO;
				DEBUG_INFORMATION_FORMAT = dwarf;
				ENABLE_STRICT_OBJC_MSGSEND = YES;
				ENABLE_TESTABILITY = YES;
				GCC_C_LANGUAGE_STANDARD = gnu11;
				GCC_DYNAMIC_NO_PIC = NO;
				GCC_NO_COMMON_BLOCKS = YES;
				GCC_OPTIMIZATION_LEVEL = 0;
				GCC_PREPROCESSOR_DEFINITIONS = (
					"DEBUG=1",
					"$(inherited)",
				);
				GCC_WARN_64_TO_32_BIT_CONVERSION = YES;
				GCC_WARN_ABOUT_RETURN_TYPE = YES_ERROR;
				GCC_WARN_UNDECLARED_SELECTOR = YES;
				GCC_WARN_UNINITIALIZED_AUTOS = YES_AGGRESSIVE;
				GCC_WARN_UNUSED_FUNCTION = YES;
				GCC_WARN_UNUSED_VARIABLE = YES;
				IPHONEOS_DEPLOYMENT_TARGET = 11.3;
				MTL_ENABLE_DEBUG_INFO = YES;
				ONLY_ACTIVE_ARCH = YES;
				SDKROOT = iphoneos;
			};
			name = Debug;
		};
		178B226C2085BE6000425E4D /* Release */ = {
			isa = XCBuildConfiguration;
			buildSettings = {
				ALWAYS_SEARCH_USER_PATHS = NO;
				CLANG_ANALYZER_NONNULL = YES;
				CLANG_ANALYZER_NUMBER_OBJECT_CONVERSION = YES_AGGRESSIVE;
				CLANG_CXX_LANGUAGE_STANDARD = "gnu++14";
				CLANG_CXX_LIBRARY = "libc++";
				CLANG_ENABLE_MODULES = YES;
				CLANG_ENABLE_OBJC_ARC = YES;
				CLANG_ENABLE_OBJC_WEAK = YES;
				CLANG_WARN_BLOCK_CAPTURE_AUTORELEASING = YES;
				CLANG_WARN_BOOL_CONVERSION = YES;
				CLANG_WARN_COMMA = YES;
				CLANG_WARN_CONSTANT_CONVERSION = YES;
				CLANG_WARN_DEPRECATED_OBJC_IMPLEMENTATIONS = YES;
				CLANG_WARN_DIRECT_OBJC_ISA_USAGE = YES_ERROR;
				CLANG_WARN_DOCUMENTATION_COMMENTS = YES;
				CLANG_WARN_EMPTY_BODY = YES;
				CLANG_WARN_ENUM_CONVERSION = YES;
				CLANG_WARN_INFINITE_RECURSION = YES;
				CLANG_WARN_INT_CONVERSION = YES;
				CLANG_WARN_NON_LITERAL_NULL_CONVERSION = YES;
				CLANG_WARN_OBJC_IMPLICIT_RETAIN_SELF = YES;
				CLANG_WARN_OBJC_LITERAL_CONVERSION = YES;
				CLANG_WARN_OBJC_ROOT_CLASS = YES_ERROR;
				CLANG_WARN_RANGE_LOOP_ANALYSIS = YES;
				CLANG_WARN_STRICT_PROTOTYPES = YES;
				CLANG_WARN_SUSPICIOUS_MOVE = YES;
				CLANG_WARN_UNGUARDED_AVAILABILITY = YES_AGGRESSIVE;
				CLANG_WARN_UNREACHABLE_CODE = YES;
				CLANG_WARN__DUPLICATE_METHOD_MATCH = YES;
				CODE_SIGN_IDENTITY = "iPhone Developer";
				COPY_PHASE_STRIP = NO;
				DEBUG_INFORMATION_FORMAT = "dwarf-with-dsym";
				ENABLE_NS_ASSERTIONS = NO;
				ENABLE_STRICT_OBJC_MSGSEND = YES;
				GCC_C_LANGUAGE_STANDARD = gnu11;
				GCC_NO_COMMON_BLOCKS = YES;
				GCC_WARN_64_TO_32_BIT_CONVERSION = YES;
				GCC_WARN_ABOUT_RETURN_TYPE = YES_ERROR;
				GCC_WARN_UNDECLARED_SELECTOR = YES;
				GCC_WARN_UNINITIALIZED_AUTOS = YES_AGGRESSIVE;
				GCC_WARN_UNUSED_FUNCTION = YES;
				GCC_WARN_UNUSED_VARIABLE = YES;
				IPHONEOS_DEPLOYMENT_TARGET = 11.3;
				MTL_ENABLE_DEBUG_INFO = NO;
				SDKROOT = iphoneos;
				VALIDATE_PRODUCT = YES;
			};
			name = Release;
		};
		178B226E2085BE6000425E4D /* Debug */ = {
			isa = XCBuildConfiguration;
			buildSettings = {
				ASSETCATALOG_COMPILER_APPICON_NAME = AppIcon;
				CODE_SIGN_STYLE = Automatic;
				DEVELOPMENT_TEAM = 95YHL39M2F;
				FRAMEWORK_SEARCH_PATHS = (
					"$(inherited)",
					"$(PROJECT_DIR)/AnalysysDemo",
					"$(PROJECT_DIR)/AnalysysDemo/IDFA",
					"$(PROJECT_DIR)",
					"$(PROJECT_DIR)/AnalysysSDK",
				);
				INFOPLIST_FILE = "$(SRCROOT)/AnalysysDemo/Info.plist";
				IPHONEOS_DEPLOYMENT_TARGET = 7.0;
				LD_RUNPATH_SEARCH_PATHS = (
					"$(inherited)",
					"@executable_path/Frameworks",
				);
				OTHER_LDFLAGS = "-ObjC";
				PRODUCT_BUNDLE_IDENTIFIER = com.analysys.AnalysysDemo;
				PRODUCT_NAME = "$(TARGET_NAME)";
				TARGETED_DEVICE_FAMILY = "1,2";
			};
			name = Debug;
		};
		178B226F2085BE6000425E4D /* Release */ = {
			isa = XCBuildConfiguration;
			buildSettings = {
				ASSETCATALOG_COMPILER_APPICON_NAME = AppIcon;
				CODE_SIGN_STYLE = Automatic;
				DEVELOPMENT_TEAM = 95YHL39M2F;
				FRAMEWORK_SEARCH_PATHS = (
					"$(inherited)",
					"$(PROJECT_DIR)/AnalysysDemo",
					"$(PROJECT_DIR)/AnalysysDemo/IDFA",
					"$(PROJECT_DIR)",
					"$(PROJECT_DIR)/AnalysysSDK",
				);
				INFOPLIST_FILE = "$(SRCROOT)/AnalysysDemo/Info.plist";
				IPHONEOS_DEPLOYMENT_TARGET = 7.0;
				LD_RUNPATH_SEARCH_PATHS = (
					"$(inherited)",
					"@executable_path/Frameworks",
				);
				OTHER_LDFLAGS = "-ObjC";
				PRODUCT_BUNDLE_IDENTIFIER = com.analysys.AnalysysDemo;
				PRODUCT_NAME = "$(TARGET_NAME)";
				TARGETED_DEVICE_FAMILY = "1,2";
			};
			name = Release;
		};
/* End XCBuildConfiguration section */

/* Begin XCConfigurationList section */
		1709D30D20A0463A00F3C61E /* Build configuration list for PBXNativeTarget "AnalysysSwiftDemo" */ = {
			isa = XCConfigurationList;
			buildConfigurations = (
				1709D30B20A0463A00F3C61E /* Debug */,
				1709D30C20A0463A00F3C61E /* Release */,
			);
			defaultConfigurationIsVisible = 0;
			defaultConfigurationName = Release;
		};
		178B22522085BE5F00425E4D /* Build configuration list for PBXProject "AnalysysDemo" */ = {
			isa = XCConfigurationList;
			buildConfigurations = (
				178B226B2085BE6000425E4D /* Debug */,
				178B226C2085BE6000425E4D /* Release */,
			);
			defaultConfigurationIsVisible = 0;
			defaultConfigurationName = Release;
		};
		178B226D2085BE6000425E4D /* Build configuration list for PBXNativeTarget "AnalysysDemo" */ = {
			isa = XCConfigurationList;
			buildConfigurations = (
				178B226E2085BE6000425E4D /* Debug */,
				178B226F2085BE6000425E4D /* Release */,
			);
			defaultConfigurationIsVisible = 0;
			defaultConfigurationName = Release;
		};
/* End XCConfigurationList section */
	};
	rootObject = 178B224F2085BE5F00425E4D /* Project object */;
}
