// !$*UTF8*$!
{
	archiveVersion = 1;
	classes = {
	};
	objectVersion = 50;
	objects = {

/* Begin PBXBuildFile section */
		E804F00A2230BBB100ABD3C3 /* ANSModuleConfig.h in Headers */ = {isa = PBXBuildFile; fileRef = E804F0082230BBB100ABD3C3 /* ANSModuleConfig.h */; };
		E804F00B2230BBB100ABD3C3 /* ANSModuleConfig.m in Sources */ = {isa = PBXBuildFile; fileRef = E804F0092230BBB100ABD3C3 /* ANSModuleConfig.m */; };
		E804F00E2230BCF300ABD3C3 /* ANSBundleUtil.h in Headers */ = {isa = PBXBuildFile; fileRef = E804F00C2230BCF300ABD3C3 /* ANSBundleUtil.h */; };
		E804F00F2230BCF300ABD3C3 /* ANSBundleUtil.m in Sources */ = {isa = PBXBuildFile; fileRef = E804F00D2230BCF300ABD3C3 /* ANSBundleUtil.m */; };
		E804F0122230BF5000ABD3C3 /* ANSModuleProcessing.h in Headers */ = {isa = PBXBuildFile; fileRef = E804F0102230BF5000ABD3C3 /* ANSModuleProcessing.h */; };
		E804F0132230BF5000ABD3C3 /* ANSModuleProcessing.m in Sources */ = {isa = PBXBuildFile; fileRef = E804F0112230BF5000ABD3C3 /* ANSModuleProcessing.m */; };
		E812E0E3222276EC006678FA /* ANSOpenURLAutoTrack.h in Headers */ = {isa = PBXBuildFile; fileRef = E812E0DF222276EB006678FA /* ANSOpenURLAutoTrack.h */; };
		E812E0E4222276EC006678FA /* ANSPageAutoTrack.h in Headers */ = {isa = PBXBuildFile; fileRef = E812E0E0222276EB006678FA /* ANSPageAutoTrack.h */; };
		E812E0E5222276EC006678FA /* ANSPageAutoTrack.m in Sources */ = {isa = PBXBuildFile; fileRef = E812E0E1222276EB006678FA /* ANSPageAutoTrack.m */; };
		E812E0E6222276EC006678FA /* ANSOpenURLAutoTrack.m in Sources */ = {isa = PBXBuildFile; fileRef = E812E0E2222276EB006678FA /* ANSOpenURLAutoTrack.m */; };
		E812E0EC2223D24F006678FA /* ANSHybrid.m in Sources */ = {isa = PBXBuildFile; fileRef = E812E0EA2223D24E006678FA /* ANSHybrid.m */; };
		E812E0ED2223D24F006678FA /* ANSHybrid.h in Headers */ = {isa = PBXBuildFile; fileRef = E812E0EB2223D24F006678FA /* ANSHybrid.h */; };
		E833A1F122324C0B006ED08F /* NSThread+ANSHelper.m in Sources */ = {isa = PBXBuildFile; fileRef = E86A27D2223217B200551071 /* NSThread+ANSHelper.m */; };
		E833A1F222324C14006ED08F /* NSObject+ANSSwizzling.m in Sources */ = {isa = PBXBuildFile; fileRef = E86A27D7223217B200551071 /* NSObject+ANSSwizzling.m */; };
		E833A22622326C4A006ED08F /* libsqlite3.tbd in Frameworks */ = {isa = PBXBuildFile; fileRef = E833A22522326C4A006ED08F /* libsqlite3.tbd */; };
		E833A22822326C57006ED08F /* libc++.tbd in Frameworks */ = {isa = PBXBuildFile; fileRef = E833A22722326C57006ED08F /* libc++.tbd */; };
		E833A22A22326C64006ED08F /* libresolv.tbd in Frameworks */ = {isa = PBXBuildFile; fileRef = E833A22922326C64006ED08F /* libresolv.tbd */; };
		E833A22C22326C6F006ED08F /* libxml2.tbd in Frameworks */ = {isa = PBXBuildFile; fileRef = E833A22B22326C6F006ED08F /* libxml2.tbd */; };
		E833A23022326C85006ED08F /* libz.tbd in Frameworks */ = {isa = PBXBuildFile; fileRef = E833A22F22326C85006ED08F /* libz.tbd */; };
		E833A23222326C8D006ED08F /* AdSupport.framework in Frameworks */ = {isa = PBXBuildFile; fileRef = E833A23122326C8D006ED08F /* AdSupport.framework */; };
		E833A23722326CB2006ED08F /* CoreTelephony.framework in Frameworks */ = {isa = PBXBuildFile; fileRef = E833A23622326CB2006ED08F /* CoreTelephony.framework */; };
		E833A23922326CBA006ED08F /* CFNetwork.framework in Frameworks */ = {isa = PBXBuildFile; fileRef = E833A23822326CBA006ED08F /* CFNetwork.framework */; };
		E833A23B22326CC2006ED08F /* Security.framework in Frameworks */ = {isa = PBXBuildFile; fileRef = E833A23A22326CC2006ED08F /* Security.framework */; };
		E833A23D22326CD9006ED08F /* libicucore.tbd in Frameworks */ = {isa = PBXBuildFile; fileRef = E833A23C22326CD9006ED08F /* libicucore.tbd */; };
		E833A24022326FC3006ED08F /* EGToastView.m in Sources */ = {isa = PBXBuildFile; fileRef = E833A23E22326FC3006ED08F /* EGToastView.m */; };
		E833A24222327074006ED08F /* SystemConfiguration.framework in Frameworks */ = {isa = PBXBuildFile; fileRef = E833A24122327074006ED08F /* SystemConfiguration.framework */; };
		E833A24422327086006ED08F /* MobileCoreServices.framework in Frameworks */ = {isa = PBXBuildFile; fileRef = E833A24322327086006ED08F /* MobileCoreServices.framework */; };
		E833A25C2234CE3E006ED08F /* ANSLocationManager.m in Sources */ = {isa = PBXBuildFile; fileRef = E833A25B2234CE3D006ED08F /* ANSLocationManager.m */; };
		E835C59F2232087600C950CE /* AnalysysAgent.bundle in Resources */ = {isa = PBXBuildFile; fileRef = E835C59E2232087600C950CE /* AnalysysAgent.bundle */; };
		E8361C032220FAA2000A01E8 /* ANSUtil.h in Headers */ = {isa = PBXBuildFile; fileRef = E8361C012220FAA1000A01E8 /* ANSUtil.h */; };
		E8361C042220FAA2000A01E8 /* ANSUtil.m in Sources */ = {isa = PBXBuildFile; fileRef = E8361C022220FAA2000A01E8 /* ANSUtil.m */; };
		E8361C072220FF60000A01E8 /* ANSFileManager.h in Headers */ = {isa = PBXBuildFile; fileRef = E8361C052220FF60000A01E8 /* ANSFileManager.h */; };
		E8361C082220FF60000A01E8 /* ANSFileManager.m in Sources */ = {isa = PBXBuildFile; fileRef = E8361C062220FF60000A01E8 /* ANSFileManager.m */; };
		E86A27B8223211D000551071 /* AnalysysAgent.framework in Frameworks */ = {isa = PBXBuildFile; fileRef = E89F8352221F9124008A4733 /* AnalysysAgent.framework */; };
		E8996E572229193800FEA30A /* AppDelegate.swift in Sources */ = {isa = PBXBuildFile; fileRef = E8996E562229193800FEA30A /* AppDelegate.swift */; };
		E8996E592229193800FEA30A /* ViewController.swift in Sources */ = {isa = PBXBuildFile; fileRef = E8996E582229193800FEA30A /* ViewController.swift */; };
		E8996E5C2229193800FEA30A /* Main.storyboard in Resources */ = {isa = PBXBuildFile; fileRef = E8996E5A2229193800FEA30A /* Main.storyboard */; };
		E8996E5E2229193900FEA30A /* Assets.xcassets in Resources */ = {isa = PBXBuildFile; fileRef = E8996E5D2229193900FEA30A /* Assets.xcassets */; };
		E8996E612229193900FEA30A /* LaunchScreen.storyboard in Resources */ = {isa = PBXBuildFile; fileRef = E8996E5F2229193900FEA30A /* LaunchScreen.storyboard */; };
		E8996E6B22291CC800FEA30A /* ANSDemo.m in Sources */ = {isa = PBXBuildFile; fileRef = E8996E6A22291CC800FEA30A /* ANSDemo.m */; };
		E8996E6C22291E2600FEA30A /* AnalysysAgent.framework in Frameworks */ = {isa = PBXBuildFile; fileRef = E89F8352221F9124008A4733 /* AnalysysAgent.framework */; };
		E8996E6D22291E2600FEA30A /* AnalysysAgent.framework in Embed Frameworks */ = {isa = PBXBuildFile; fileRef = E89F8352221F9124008A4733 /* AnalysysAgent.framework */; settings = {ATTRIBUTES = (CodeSignOnCopy, RemoveHeadersOnCopy, ); }; };
		E8996E772229539E00FEA30A /* ANSNextViewController.swift in Sources */ = {isa = PBXBuildFile; fileRef = E8996E762229539E00FEA30A /* ANSNextViewController.swift */; };
		E89F8339221F90E1008A4733 /* AppDelegate.m in Sources */ = {isa = PBXBuildFile; fileRef = E89F8338221F90E1008A4733 /* AppDelegate.m */; };
		E89F833F221F90E1008A4733 /* Main.storyboard in Resources */ = {isa = PBXBuildFile; fileRef = E89F833D221F90E1008A4733 /* Main.storyboard */; };
		E89F8341221F90E2008A4733 /* Assets.xcassets in Resources */ = {isa = PBXBuildFile; fileRef = E89F8340221F90E2008A4733 /* Assets.xcassets */; };
		E89F8344221F90E2008A4733 /* LaunchScreen.storyboard in Resources */ = {isa = PBXBuildFile; fileRef = E89F8342221F90E2008A4733 /* LaunchScreen.storyboard */; };
		E89F8347221F90E2008A4733 /* main.m in Sources */ = {isa = PBXBuildFile; fileRef = E89F8346221F90E2008A4733 /* main.m */; };
		E89F8367221F9545008A4733 /* AnalysysAgent.h in Headers */ = {isa = PBXBuildFile; fileRef = E89F8365221F9545008A4733 /* AnalysysAgent.h */; settings = {ATTRIBUTES = (Public, ); }; };
		E89F8368221F9545008A4733 /* AnalysysAgent.m in Sources */ = {isa = PBXBuildFile; fileRef = E89F8366221F9545008A4733 /* AnalysysAgent.m */; };
		E89F836B221F968F008A4733 /* AnalysysSDK.h in Headers */ = {isa = PBXBuildFile; fileRef = E89F8369221F968F008A4733 /* AnalysysSDK.h */; };
		E89F836C221F968F008A4733 /* AnalysysSDK.m in Sources */ = {isa = PBXBuildFile; fileRef = E89F836A221F968F008A4733 /* AnalysysSDK.m */; };
		E89F8376221F9C0B008A4733 /* ANSDataConfig.h in Headers */ = {isa = PBXBuildFile; fileRef = E89F8374221F9C0B008A4733 /* ANSDataConfig.h */; };
		E89F8377221F9C0B008A4733 /* ANSDataConfig.m in Sources */ = {isa = PBXBuildFile; fileRef = E89F8375221F9C0B008A4733 /* ANSDataConfig.m */; };
		E89F837A221FA073008A4733 /* ANSConsleLog.h in Headers */ = {isa = PBXBuildFile; fileRef = E89F8378221FA073008A4733 /* ANSConsleLog.h */; };
		E89F837B221FA073008A4733 /* ANSConsleLog.m in Sources */ = {isa = PBXBuildFile; fileRef = E89F8379221FA073008A4733 /* ANSConsleLog.m */; };
		E89F837E221FA1C4008A4733 /* ANSDatabase.m in Sources */ = {isa = PBXBuildFile; fileRef = E89F837C221FA1C4008A4733 /* ANSDatabase.m */; };
		E89F837F221FA1C4008A4733 /* ANSDatabase.h in Headers */ = {isa = PBXBuildFile; fileRef = E89F837D221FA1C4008A4733 /* ANSDatabase.h */; };
		E89F8386221FA3F9008A4733 /* ANSJsonUtil.h in Headers */ = {isa = PBXBuildFile; fileRef = E89F8384221FA3F9008A4733 /* ANSJsonUtil.h */; };
		E89F8387221FA3F9008A4733 /* ANSJsonUtil.m in Sources */ = {isa = PBXBuildFile; fileRef = E89F8385221FA3F9008A4733 /* ANSJsonUtil.m */; };
		E89F838A221FA57C008A4733 /* ANSDeviceInfo.h in Headers */ = {isa = PBXBuildFile; fileRef = E89F8388221FA57C008A4733 /* ANSDeviceInfo.h */; };
		E89F838B221FA57C008A4733 /* ANSDeviceInfo.m in Sources */ = {isa = PBXBuildFile; fileRef = E89F8389221FA57C008A4733 /* ANSDeviceInfo.m */; };
		E89F8390221FA6A1008A4733 /* ANSTelephonyNetwork.h in Headers */ = {isa = PBXBuildFile; fileRef = E89F838C221FA6A1008A4733 /* ANSTelephonyNetwork.h */; };
		E89F8391221FA6A1008A4733 /* ANSReachability.h in Headers */ = {isa = PBXBuildFile; fileRef = E89F838D221FA6A1008A4733 /* ANSReachability.h */; };
		E89F8392221FA6A1008A4733 /* ANSReachability.m in Sources */ = {isa = PBXBuildFile; fileRef = E89F838E221FA6A1008A4733 /* ANSReachability.m */; };
		E89F8393221FA6A1008A4733 /* ANSTelephonyNetwork.m in Sources */ = {isa = PBXBuildFile; fileRef = E89F838F221FA6A1008A4733 /* ANSTelephonyNetwork.m */; };
		E89F8397221FA80D008A4733 /* ANSSwizzler.h in Headers */ = {isa = PBXBuildFile; fileRef = E89F8395221FA80D008A4733 /* ANSSwizzler.h */; };
		E89F8398221FA80D008A4733 /* ANSSwizzler.m in Sources */ = {isa = PBXBuildFile; fileRef = E89F8396221FA80D008A4733 /* ANSSwizzler.m */; };
		E89F83A4221FBF13008A4733 /* ANSDataProcessing.h in Headers */ = {isa = PBXBuildFile; fileRef = E89F83A2221FBF13008A4733 /* ANSDataProcessing.h */; };
		E89F83A5221FBF13008A4733 /* ANSDataProcessing.m in Sources */ = {isa = PBXBuildFile; fileRef = E89F83A3221FBF13008A4733 /* ANSDataProcessing.m */; };
		E89F83A8221FDD2A008A4733 /* ANSDataFunc.h in Headers */ = {isa = PBXBuildFile; fileRef = E89F83A6221FDD2A008A4733 /* ANSDataFunc.h */; };
		E89F83A9221FDD2A008A4733 /* ANSDataFunc.m in Sources */ = {isa = PBXBuildFile; fileRef = E89F83A7221FDD2A008A4733 /* ANSDataFunc.m */; };
		E89F83AC221FDD43008A4733 /* ANSDataCheck.h in Headers */ = {isa = PBXBuildFile; fileRef = E89F83AA221FDD43008A4733 /* ANSDataCheck.h */; };
		E89F83AD221FDD43008A4733 /* ANSDataCheck.m in Sources */ = {isa = PBXBuildFile; fileRef = E89F83AB221FDD43008A4733 /* ANSDataCheck.m */; };
		E89F83B0221FE02D008A4733 /* NSInvocation+ANSHelper.m in Sources */ = {isa = PBXBuildFile; fileRef = E89F83AE221FE02D008A4733 /* NSInvocation+ANSHelper.m */; };
		E89F83B1221FE02D008A4733 /* NSInvocation+ANSHelper.h in Headers */ = {isa = PBXBuildFile; fileRef = E89F83AF221FE02D008A4733 /* NSInvocation+ANSHelper.h */; };
		E89F83B4221FE035008A4733 /* ANSMediator.h in Headers */ = {isa = PBXBuildFile; fileRef = E89F83B2221FE035008A4733 /* ANSMediator.h */; };
		E89F83B5221FE035008A4733 /* ANSMediator.m in Sources */ = {isa = PBXBuildFile; fileRef = E89F83B3221FE035008A4733 /* ANSMediator.m */; };
		E8D6D61E222111A900B7E5BA /* ANSDefaultStrategy.m in Sources */ = {isa = PBXBuildFile; fileRef = E8D6D613222111A900B7E5BA /* ANSDefaultStrategy.m */; };
		E8D6D61F222111A900B7E5BA /* ANSStrategyManager.h in Headers */ = {isa = PBXBuildFile; fileRef = E8D6D614222111A900B7E5BA /* ANSStrategyManager.h */; };
		E8D6D620222111A900B7E5BA /* ANSDelayStrategy.h in Headers */ = {isa = PBXBuildFile; fileRef = E8D6D615222111A900B7E5BA /* ANSDelayStrategy.h */; };
		E8D6D621222111A900B7E5BA /* ANSServerStrategy.m in Sources */ = {isa = PBXBuildFile; fileRef = E8D6D616222111A900B7E5BA /* ANSServerStrategy.m */; };
		E8D6D622222111A900B7E5BA /* ANSServerStrategy.h in Headers */ = {isa = PBXBuildFile; fileRef = E8D6D617222111A900B7E5BA /* ANSServerStrategy.h */; };
		E8D6D623222111A900B7E5BA /* ANSStrategyProtocol.h in Headers */ = {isa = PBXBuildFile; fileRef = E8D6D618222111A900B7E5BA /* ANSStrategyProtocol.h */; };
		E8D6D624222111A900B7E5BA /* ANSUserStrategy.h in Headers */ = {isa = PBXBuildFile; fileRef = E8D6D619222111A900B7E5BA /* ANSUserStrategy.h */; };
		E8D6D625222111A900B7E5BA /* ANSDefaultStrategy.h in Headers */ = {isa = PBXBuildFile; fileRef = E8D6D61A222111A900B7E5BA /* ANSDefaultStrategy.h */; };
		E8D6D626222111A900B7E5BA /* ANSDelayStrategy.m in Sources */ = {isa = PBXBuildFile; fileRef = E8D6D61B222111A900B7E5BA /* ANSDelayStrategy.m */; };
		E8D6D627222111A900B7E5BA /* ANSStrategyManager.m in Sources */ = {isa = PBXBuildFile; fileRef = E8D6D61C222111A900B7E5BA /* ANSStrategyManager.m */; };
		E8D6D628222111A900B7E5BA /* ANSUserStrategy.m in Sources */ = {isa = PBXBuildFile; fileRef = E8D6D61D222111A900B7E5BA /* ANSUserStrategy.m */; };
		E8D6D62B2221139600B7E5BA /* ANSConst.m in Sources */ = {isa = PBXBuildFile; fileRef = E8D6D6292221139600B7E5BA /* ANSConst.m */; };
		E8D6D62C2221139600B7E5BA /* ANSConst.h in Headers */ = {isa = PBXBuildFile; fileRef = E8D6D62A2221139600B7E5BA /* ANSConst.h */; };
		E8D6D62F222118D600B7E5BA /* NSString+ANSMD5.m in Sources */ = {isa = PBXBuildFile; fileRef = E8D6D62D222118D600B7E5BA /* NSString+ANSMD5.m */; };
		E8D6D630222118D600B7E5BA /* NSString+ANSMD5.h in Headers */ = {isa = PBXBuildFile; fileRef = E8D6D62E222118D600B7E5BA /* NSString+ANSMD5.h */; };
		E8D6D633222118E300B7E5BA /* ANSSession.h in Headers */ = {isa = PBXBuildFile; fileRef = E8D6D631222118E200B7E5BA /* ANSSession.h */; };
		E8D6D634222118E300B7E5BA /* ANSSession.m in Sources */ = {isa = PBXBuildFile; fileRef = E8D6D632222118E200B7E5BA /* ANSSession.m */; };
		E8D6D63B22213D1900B7E5BA /* ANSUploadManager.h in Headers */ = {isa = PBXBuildFile; fileRef = E8D6D63922213D1900B7E5BA /* ANSUploadManager.h */; };
		E8D6D63C22213D1900B7E5BA /* ANSUploadManager.m in Sources */ = {isa = PBXBuildFile; fileRef = E8D6D63A22213D1900B7E5BA /* ANSUploadManager.m */; };
		E8D6D64322213E1900B7E5BA /* ANSGzip.h in Headers */ = {isa = PBXBuildFile; fileRef = E8D6D63F22213E1900B7E5BA /* ANSGzip.h */; };
		E8D6D64422213E1900B7E5BA /* ANSGzip.m in Sources */ = {isa = PBXBuildFile; fileRef = E8D6D64022213E1900B7E5BA /* ANSGzip.m */; };
		E8DEE3FD2227C1E500A11D55 /* ANSWKWebViewController.xib in Resources */ = {isa = PBXBuildFile; fileRef = E8DEE3F72227C1E500A11D55 /* ANSWKWebViewController.xib */; };
		E8DEE3FE2227C1E500A11D55 /* ANSWKWebViewController.m in Sources */ = {isa = PBXBuildFile; fileRef = E8DEE3F82227C1E500A11D55 /* ANSWKWebViewController.m */; };
		E8DEE3FF2227C1E500A11D55 /* ANSWebViewController.xib in Resources */ = {isa = PBXBuildFile; fileRef = E8DEE3FB2227C1E500A11D55 /* ANSWebViewController.xib */; };
		E8DEE4002227C1E500A11D55 /* ANSWebViewController.m in Sources */ = {isa = PBXBuildFile; fileRef = E8DEE3FC2227C1E500A11D55 /* ANSWebViewController.m */; };
		E8DEE4022227C1EC00A11D55 /* app in Resources */ = {isa = PBXBuildFile; fileRef = E8DEE4012227C1EC00A11D55 /* app */; };
		E8DEE41A2227C28900A11D55 /* NextViewController.m in Sources */ = {isa = PBXBuildFile; fileRef = E8DEE4052227C28800A11D55 /* NextViewController.m */; };
		E8DEE41B2227C28900A11D55 /* ANSNavigationViewController.m in Sources */ = {isa = PBXBuildFile; fileRef = E8DEE4062227C28800A11D55 /* ANSNavigationViewController.m */; };
		E8DEE41C2227C28900A11D55 /* ANSDemoCollectionViewCell.xib in Resources */ = {isa = PBXBuildFile; fileRef = E8DEE40A2227C28800A11D55 /* ANSDemoCollectionViewCell.xib */; };
		E8DEE41D2227C28900A11D55 /* ANSTabBarController.m in Sources */ = {isa = PBXBuildFile; fileRef = E8DEE40B2227C28800A11D55 /* ANSTabBarController.m */; };
		E8DEE41E2227C28900A11D55 /* ANSHomeViewController.m in Sources */ = {isa = PBXBuildFile; fileRef = E8DEE40E2227C28800A11D55 /* ANSHomeViewController.m */; };
		E8DEE41F2227C28900A11D55 /* ANSDemoCollectionHeaderView.xib in Resources */ = {isa = PBXBuildFile; fileRef = E8DEE4122227C28800A11D55 /* ANSDemoCollectionHeaderView.xib */; };
		E8DEE4202227C28900A11D55 /* ANSDemoCollectionHeaderView.m in Sources */ = {isa = PBXBuildFile; fileRef = E8DEE4132227C28800A11D55 /* ANSDemoCollectionHeaderView.m */; };
		E8DEE4212227C28900A11D55 /* ANSDemoController.m in Sources */ = {isa = PBXBuildFile; fileRef = E8DEE4142227C28800A11D55 /* ANSDemoController.m */; };
		E8DEE4242227C28900A11D55 /* ANSDemoCollectionViewCell.m in Sources */ = {isa = PBXBuildFile; fileRef = E8DEE4182227C28800A11D55 /* ANSDemoCollectionViewCell.m */; };
		E8DEE4352227C2D400A11D55 /* UIView+MGO.m in Sources */ = {isa = PBXBuildFile; fileRef = E8DEE4262227C2D400A11D55 /* UIView+MGO.m */; };
		E8DEE4362227C2D400A11D55 /* ANSSlider.m in Sources */ = {isa = PBXBuildFile; fileRef = E8DEE4272227C2D400A11D55 /* ANSSlider.m */; };
		E8DEE4372227C2D400A11D55 /* ANSButton.m in Sources */ = {isa = PBXBuildFile; fileRef = E8DEE4282227C2D400A11D55 /* ANSButton.m */; };
		E8DEE4382227C2D400A11D55 /* ANSTextField.m in Sources */ = {isa = PBXBuildFile; fileRef = E8DEE42A2227C2D400A11D55 /* ANSTextField.m */; };
		E8DEE4392227C2D400A11D55 /* UIColor+Transform.m in Sources */ = {isa = PBXBuildFile; fileRef = E8DEE42D2227C2D400A11D55 /* UIColor+Transform.m */; };
		E8DEE43A2227C2D400A11D55 /* UIView+KeyboardAnimation.m in Sources */ = {isa = PBXBuildFile; fileRef = E8DEE42F2227C2D400A11D55 /* UIView+KeyboardAnimation.m */; };
		E8DEE43B2227C2D400A11D55 /* UIView+CustomLayout.m in Sources */ = {isa = PBXBuildFile; fileRef = E8DEE4302227C2D400A11D55 /* UIView+CustomLayout.m */; };
		E8DEE43D2227C40700A11D55 /* DataSource.plist in Resources */ = {isa = PBXBuildFile; fileRef = E8DEE43C2227C40700A11D55 /* DataSource.plist */; };
		E8DEE4402227C4A300A11D55 /* ANSBaseViewController.m in Sources */ = {isa = PBXBuildFile; fileRef = E8DEE43E2227C4A300A11D55 /* ANSBaseViewController.m */; };
		E8EAC0BB22394A2100E7B6B0 /* ANSDemoViewController.m in Sources */ = {isa = PBXBuildFile; fileRef = E8EAC0BA22394A2100E7B6B0 /* ANSDemoViewController.m */; };
/* End PBXBuildFile section */

/* Begin PBXContainerItemProxy section */
		E8996E6E22291E2600FEA30A /* PBXContainerItemProxy */ = {
			isa = PBXContainerItemProxy;
			containerPortal = E89F832C221F90E1008A4733 /* Project object */;
			proxyType = 1;
			remoteGlobalIDString = E89F8351221F9124008A4733;
			remoteInfo = AnalysysAgent;
		};
/* End PBXContainerItemProxy section */

/* Begin PBXCopyFilesBuildPhase section */
		E86A27CB2232176B00551071 /* Embed Frameworks */ = {
			isa = PBXCopyFilesBuildPhase;
			buildActionMask = 2147483647;
			dstPath = "";
			dstSubfolderSpec = 10;
			files = (
			);
			name = "Embed Frameworks";
			runOnlyForDeploymentPostprocessing = 0;
		};
		E8996E7022291E2700FEA30A /* Embed Frameworks */ = {
			isa = PBXCopyFilesBuildPhase;
			buildActionMask = 2147483647;
			dstPath = "";
			dstSubfolderSpec = 10;
			files = (
				E8996E6D22291E2600FEA30A /* AnalysysAgent.framework in Embed Frameworks */,
			);
			name = "Embed Frameworks";
			runOnlyForDeploymentPostprocessing = 0;
		};
/* End PBXCopyFilesBuildPhase section */

/* Begin PBXFileReference section */
		E804F0082230BBB100ABD3C3 /* ANSModuleConfig.h */ = {isa = PBXFileReference; lastKnownFileType = sourcecode.c.h; path = ANSModuleConfig.h; sourceTree = "<group>"; };
		E804F0092230BBB100ABD3C3 /* ANSModuleConfig.m */ = {isa = PBXFileReference; lastKnownFileType = sourcecode.c.objc; path = ANSModuleConfig.m; sourceTree = "<group>"; };
		E804F00C2230BCF300ABD3C3 /* ANSBundleUtil.h */ = {isa = PBXFileReference; lastKnownFileType = sourcecode.c.h; path = ANSBundleUtil.h; sourceTree = "<group>"; };
		E804F00D2230BCF300ABD3C3 /* ANSBundleUtil.m */ = {isa = PBXFileReference; lastKnownFileType = sourcecode.c.objc; path = ANSBundleUtil.m; sourceTree = "<group>"; };
		E804F0102230BF5000ABD3C3 /* ANSModuleProcessing.h */ = {isa = PBXFileReference; lastKnownFileType = sourcecode.c.h; path = ANSModuleProcessing.h; sourceTree = "<group>"; };
		E804F0112230BF5000ABD3C3 /* ANSModuleProcessing.m */ = {isa = PBXFileReference; lastKnownFileType = sourcecode.c.objc; path = ANSModuleProcessing.m; sourceTree = "<group>"; };
		E812E0DF222276EB006678FA /* ANSOpenURLAutoTrack.h */ = {isa = PBXFileReference; fileEncoding = 4; lastKnownFileType = sourcecode.c.h; path = ANSOpenURLAutoTrack.h; sourceTree = "<group>"; };
		E812E0E0222276EB006678FA /* ANSPageAutoTrack.h */ = {isa = PBXFileReference; fileEncoding = 4; lastKnownFileType = sourcecode.c.h; path = ANSPageAutoTrack.h; sourceTree = "<group>"; };
		E812E0E1222276EB006678FA /* ANSPageAutoTrack.m */ = {isa = PBXFileReference; fileEncoding = 4; lastKnownFileType = sourcecode.c.objc; path = ANSPageAutoTrack.m; sourceTree = "<group>"; };
		E812E0E2222276EB006678FA /* ANSOpenURLAutoTrack.m */ = {isa = PBXFileReference; fileEncoding = 4; lastKnownFileType = sourcecode.c.objc; path = ANSOpenURLAutoTrack.m; sourceTree = "<group>"; };
		E812E0EA2223D24E006678FA /* ANSHybrid.m */ = {isa = PBXFileReference; fileEncoding = 4; lastKnownFileType = sourcecode.c.objc; path = ANSHybrid.m; sourceTree = "<group>"; };
		E812E0EB2223D24F006678FA /* ANSHybrid.h */ = {isa = PBXFileReference; fileEncoding = 4; lastKnownFileType = sourcecode.c.h; path = ANSHybrid.h; sourceTree = "<group>"; };
		E833A22522326C4A006ED08F /* libsqlite3.tbd */ = {isa = PBXFileReference; lastKnownFileType = "sourcecode.text-based-dylib-definition"; name = libsqlite3.tbd; path = usr/lib/libsqlite3.tbd; sourceTree = SDKROOT; };
		E833A22722326C57006ED08F /* libc++.tbd */ = {isa = PBXFileReference; lastKnownFileType = "sourcecode.text-based-dylib-definition"; name = "libc++.tbd"; path = "usr/lib/libc++.tbd"; sourceTree = SDKROOT; };
		E833A22922326C64006ED08F /* libresolv.tbd */ = {isa = PBXFileReference; lastKnownFileType = "sourcecode.text-based-dylib-definition"; name = libresolv.tbd; path = usr/lib/libresolv.tbd; sourceTree = SDKROOT; };
		E833A22B22326C6F006ED08F /* libxml2.tbd */ = {isa = PBXFileReference; lastKnownFileType = "sourcecode.text-based-dylib-definition"; name = libxml2.tbd; path = usr/lib/libxml2.tbd; sourceTree = SDKROOT; };
		E833A22D22326C7C006ED08F /* UserNotifications.framework */ = {isa = PBXFileReference; lastKnownFileType = wrapper.framework; name = UserNotifications.framework; path = System/Library/Frameworks/UserNotifications.framework; sourceTree = SDKROOT; };
		E833A22F22326C85006ED08F /* libz.tbd */ = {isa = PBXFileReference; lastKnownFileType = "sourcecode.text-based-dylib-definition"; name = libz.tbd; path = usr/lib/libz.tbd; sourceTree = SDKROOT; };
		E833A23122326C8D006ED08F /* AdSupport.framework */ = {isa = PBXFileReference; lastKnownFileType = wrapper.framework; name = AdSupport.framework; path = System/Library/Frameworks/AdSupport.framework; sourceTree = SDKROOT; };
		E833A23322326C97006ED08F /* AnalysysSDK-iOS.entitlements */ = {isa = PBXFileReference; lastKnownFileType = text.plist.entitlements; path = "AnalysysSDK-iOS.entitlements"; sourceTree = "<group>"; };
		E833A23422326CAA006ED08F /* CoreGraphics.framework */ = {isa = PBXFileReference; lastKnownFileType = wrapper.framework; name = CoreGraphics.framework; path = System/Library/Frameworks/CoreGraphics.framework; sourceTree = SDKROOT; };
		E833A23622326CB2006ED08F /* CoreTelephony.framework */ = {isa = PBXFileReference; lastKnownFileType = wrapper.framework; name = CoreTelephony.framework; path = System/Library/Frameworks/CoreTelephony.framework; sourceTree = SDKROOT; };
		E833A23822326CBA006ED08F /* CFNetwork.framework */ = {isa = PBXFileReference; lastKnownFileType = wrapper.framework; name = CFNetwork.framework; path = System/Library/Frameworks/CFNetwork.framework; sourceTree = SDKROOT; };
		E833A23A22326CC2006ED08F /* Security.framework */ = {isa = PBXFileReference; lastKnownFileType = wrapper.framework; name = Security.framework; path = System/Library/Frameworks/Security.framework; sourceTree = SDKROOT; };
		E833A23C22326CD9006ED08F /* libicucore.tbd */ = {isa = PBXFileReference; lastKnownFileType = "sourcecode.text-based-dylib-definition"; name = libicucore.tbd; path = usr/lib/libicucore.tbd; sourceTree = SDKROOT; };
		E833A23E22326FC3006ED08F /* EGToastView.m */ = {isa = PBXFileReference; fileEncoding = 4; lastKnownFileType = sourcecode.c.objc; path = EGToastView.m; sourceTree = "<group>"; };
		E833A23F22326FC3006ED08F /* EGToastView.h */ = {isa = PBXFileReference; fileEncoding = 4; lastKnownFileType = sourcecode.c.h; path = EGToastView.h; sourceTree = "<group>"; };
		E833A24122327074006ED08F /* SystemConfiguration.framework */ = {isa = PBXFileReference; lastKnownFileType = wrapper.framework; name = SystemConfiguration.framework; path = System/Library/Frameworks/SystemConfiguration.framework; sourceTree = SDKROOT; };
		E833A24322327086006ED08F /* MobileCoreServices.framework */ = {isa = PBXFileReference; lastKnownFileType = wrapper.framework; name = MobileCoreServices.framework; path = System/Library/Frameworks/MobileCoreServices.framework; sourceTree = SDKROOT; };
		E833A25A2234CE3D006ED08F /* ANSLocationManager.h */ = {isa = PBXFileReference; fileEncoding = 4; lastKnownFileType = sourcecode.c.h; path = ANSLocationManager.h; sourceTree = "<group>"; };
		E833A25B2234CE3D006ED08F /* ANSLocationManager.m */ = {isa = PBXFileReference; fileEncoding = 4; lastKnownFileType = sourcecode.c.objc; path = ANSLocationManager.m; sourceTree = "<group>"; };
		E835C59E2232087600C950CE /* AnalysysAgent.bundle */ = {isa = PBXFileReference; lastKnownFileType = "wrapper.plug-in"; path = AnalysysAgent.bundle; sourceTree = "<group>"; };
		E8361C012220FAA1000A01E8 /* ANSUtil.h */ = {isa = PBXFileReference; lastKnownFileType = sourcecode.c.h; path = ANSUtil.h; sourceTree = "<group>"; };
		E8361C022220FAA2000A01E8 /* ANSUtil.m */ = {isa = PBXFileReference; lastKnownFileType = sourcecode.c.objc; path = ANSUtil.m; sourceTree = "<group>"; };
		E8361C052220FF60000A01E8 /* ANSFileManager.h */ = {isa = PBXFileReference; lastKnownFileType = sourcecode.c.h; path = ANSFileManager.h; sourceTree = "<group>"; };
		E8361C062220FF60000A01E8 /* ANSFileManager.m */ = {isa = PBXFileReference; lastKnownFileType = sourcecode.c.objc; path = ANSFileManager.m; sourceTree = "<group>"; };
		E86A27CF223217B200551071 /* NSObject+ANSSwizzling.h */ = {isa = PBXFileReference; fileEncoding = 4; lastKnownFileType = sourcecode.c.h; path = "NSObject+ANSSwizzling.h"; sourceTree = "<group>"; };
		E86A27D2223217B200551071 /* NSThread+ANSHelper.m */ = {isa = PBXFileReference; fileEncoding = 4; lastKnownFileType = sourcecode.c.objc; path = "NSThread+ANSHelper.m"; sourceTree = "<group>"; };
		E86A27D7223217B200551071 /* NSObject+ANSSwizzling.m */ = {isa = PBXFileReference; fileEncoding = 4; lastKnownFileType = sourcecode.c.objc; path = "NSObject+ANSSwizzling.m"; sourceTree = "<group>"; };
		E86A27D8223217B200551071 /* NSThread+ANSHelper.h */ = {isa = PBXFileReference; fileEncoding = 4; lastKnownFileType = sourcecode.c.h; path = "NSThread+ANSHelper.h"; sourceTree = "<group>"; };
		E8996E542229193800FEA30A /* AnalysysSDK-Swift.app */ = {isa = PBXFileReference; explicitFileType = wrapper.application; includeInIndex = 0; path = "AnalysysSDK-Swift.app"; sourceTree = BUILT_PRODUCTS_DIR; };
		E8996E562229193800FEA30A /* AppDelegate.swift */ = {isa = PBXFileReference; lastKnownFileType = sourcecode.swift; path = AppDelegate.swift; sourceTree = "<group>"; };
		E8996E582229193800FEA30A /* ViewController.swift */ = {isa = PBXFileReference; lastKnownFileType = sourcecode.swift; path = ViewController.swift; sourceTree = "<group>"; };
		E8996E5B2229193800FEA30A /* Base */ = {isa = PBXFileReference; lastKnownFileType = file.storyboard; name = Base; path = Base.lproj/Main.storyboard; sourceTree = "<group>"; };
		E8996E5D2229193900FEA30A /* Assets.xcassets */ = {isa = PBXFileReference; lastKnownFileType = folder.assetcatalog; path = Assets.xcassets; sourceTree = "<group>"; };
		E8996E602229193900FEA30A /* Base */ = {isa = PBXFileReference; lastKnownFileType = file.storyboard; name = Base; path = Base.lproj/LaunchScreen.storyboard; sourceTree = "<group>"; };
		E8996E622229193900FEA30A /* Info.plist */ = {isa = PBXFileReference; lastKnownFileType = text.plist.xml; path = Info.plist; sourceTree = "<group>"; };
		E8996E6822291CC800FEA30A /* AnalysysSDK-Swift-Bridging-Header.h */ = {isa = PBXFileReference; lastKnownFileType = sourcecode.c.h; path = "AnalysysSDK-Swift-Bridging-Header.h"; sourceTree = "<group>"; };
		E8996E6922291CC800FEA30A /* ANSDemo.h */ = {isa = PBXFileReference; lastKnownFileType = sourcecode.c.h; path = ANSDemo.h; sourceTree = "<group>"; };
		E8996E6A22291CC800FEA30A /* ANSDemo.m */ = {isa = PBXFileReference; lastKnownFileType = sourcecode.c.objc; path = ANSDemo.m; sourceTree = "<group>"; };
		E8996E762229539E00FEA30A /* ANSNextViewController.swift */ = {isa = PBXFileReference; lastKnownFileType = sourcecode.swift; path = ANSNextViewController.swift; sourceTree = "<group>"; };
		E89F8334221F90E1008A4733 /* AnalysysSDK-iOS.app */ = {isa = PBXFileReference; explicitFileType = wrapper.application; includeInIndex = 0; path = "AnalysysSDK-iOS.app"; sourceTree = BUILT_PRODUCTS_DIR; };
		E89F8337221F90E1008A4733 /* AppDelegate.h */ = {isa = PBXFileReference; lastKnownFileType = sourcecode.c.h; path = AppDelegate.h; sourceTree = "<group>"; };
		E89F8338221F90E1008A4733 /* AppDelegate.m */ = {isa = PBXFileReference; lastKnownFileType = sourcecode.c.objc; path = AppDelegate.m; sourceTree = "<group>"; };
		E89F833E221F90E1008A4733 /* Base */ = {isa = PBXFileReference; lastKnownFileType = file.storyboard; name = Base; path = Base.lproj/Main.storyboard; sourceTree = "<group>"; };
		E89F8340221F90E2008A4733 /* Assets.xcassets */ = {isa = PBXFileReference; lastKnownFileType = folder.assetcatalog; path = Assets.xcassets; sourceTree = "<group>"; };
		E89F8343221F90E2008A4733 /* Base */ = {isa = PBXFileReference; lastKnownFileType = file.storyboard; name = Base; path = Base.lproj/LaunchScreen.storyboard; sourceTree = "<group>"; };
		E89F8345221F90E2008A4733 /* Info.plist */ = {isa = PBXFileReference; lastKnownFileType = text.plist.xml; path = Info.plist; sourceTree = "<group>"; };
		E89F8346221F90E2008A4733 /* main.m */ = {isa = PBXFileReference; lastKnownFileType = sourcecode.c.objc; path = main.m; sourceTree = "<group>"; };
		E89F8352221F9124008A4733 /* AnalysysAgent.framework */ = {isa = PBXFileReference; explicitFileType = wrapper.framework; includeInIndex = 0; path = AnalysysAgent.framework; sourceTree = BUILT_PRODUCTS_DIR; };
		E89F8355221F9124008A4733 /* Info.plist */ = {isa = PBXFileReference; lastKnownFileType = text.plist.xml; path = Info.plist; sourceTree = "<group>"; };
		E89F8365221F9545008A4733 /* AnalysysAgent.h */ = {isa = PBXFileReference; lastKnownFileType = sourcecode.c.h; path = AnalysysAgent.h; sourceTree = "<group>"; };
		E89F8366221F9545008A4733 /* AnalysysAgent.m */ = {isa = PBXFileReference; lastKnownFileType = sourcecode.c.objc; path = AnalysysAgent.m; sourceTree = "<group>"; };
		E89F8369221F968F008A4733 /* AnalysysSDK.h */ = {isa = PBXFileReference; lastKnownFileType = sourcecode.c.h; path = AnalysysSDK.h; sourceTree = "<group>"; };
		E89F836A221F968F008A4733 /* AnalysysSDK.m */ = {isa = PBXFileReference; lastKnownFileType = sourcecode.c.objc; path = AnalysysSDK.m; sourceTree = "<group>"; };
		E89F8374221F9C0B008A4733 /* ANSDataConfig.h */ = {isa = PBXFileReference; fileEncoding = 4; lastKnownFileType = sourcecode.c.h; path = ANSDataConfig.h; sourceTree = "<group>"; };
		E89F8375221F9C0B008A4733 /* ANSDataConfig.m */ = {isa = PBXFileReference; fileEncoding = 4; lastKnownFileType = sourcecode.c.objc; path = ANSDataConfig.m; sourceTree = "<group>"; };
		E89F8378221FA073008A4733 /* ANSConsleLog.h */ = {isa = PBXFileReference; fileEncoding = 4; lastKnownFileType = sourcecode.c.h; path = ANSConsleLog.h; sourceTree = "<group>"; };
		E89F8379221FA073008A4733 /* ANSConsleLog.m */ = {isa = PBXFileReference; fileEncoding = 4; lastKnownFileType = sourcecode.c.objc; path = ANSConsleLog.m; sourceTree = "<group>"; };
		E89F837C221FA1C4008A4733 /* ANSDatabase.m */ = {isa = PBXFileReference; fileEncoding = 4; lastKnownFileType = sourcecode.c.objc; path = ANSDatabase.m; sourceTree = "<group>"; };
		E89F837D221FA1C4008A4733 /* ANSDatabase.h */ = {isa = PBXFileReference; fileEncoding = 4; lastKnownFileType = sourcecode.c.h; path = ANSDatabase.h; sourceTree = "<group>"; };
		E89F8384221FA3F9008A4733 /* ANSJsonUtil.h */ = {isa = PBXFileReference; fileEncoding = 4; lastKnownFileType = sourcecode.c.h; path = ANSJsonUtil.h; sourceTree = "<group>"; };
		E89F8385221FA3F9008A4733 /* ANSJsonUtil.m */ = {isa = PBXFileReference; fileEncoding = 4; lastKnownFileType = sourcecode.c.objc; path = ANSJsonUtil.m; sourceTree = "<group>"; };
		E89F8388221FA57C008A4733 /* ANSDeviceInfo.h */ = {isa = PBXFileReference; fileEncoding = 4; lastKnownFileType = sourcecode.c.h; path = ANSDeviceInfo.h; sourceTree = "<group>"; };
		E89F8389221FA57C008A4733 /* ANSDeviceInfo.m */ = {isa = PBXFileReference; fileEncoding = 4; lastKnownFileType = sourcecode.c.objc; path = ANSDeviceInfo.m; sourceTree = "<group>"; };
		E89F838C221FA6A1008A4733 /* ANSTelephonyNetwork.h */ = {isa = PBXFileReference; fileEncoding = 4; lastKnownFileType = sourcecode.c.h; path = ANSTelephonyNetwork.h; sourceTree = "<group>"; };
		E89F838D221FA6A1008A4733 /* ANSReachability.h */ = {isa = PBXFileReference; fileEncoding = 4; lastKnownFileType = sourcecode.c.h; path = ANSReachability.h; sourceTree = "<group>"; };
		E89F838E221FA6A1008A4733 /* ANSReachability.m */ = {isa = PBXFileReference; fileEncoding = 4; lastKnownFileType = sourcecode.c.objc; path = ANSReachability.m; sourceTree = "<group>"; };
		E89F838F221FA6A1008A4733 /* ANSTelephonyNetwork.m */ = {isa = PBXFileReference; fileEncoding = 4; lastKnownFileType = sourcecode.c.objc; path = ANSTelephonyNetwork.m; sourceTree = "<group>"; };
		E89F8395221FA80D008A4733 /* ANSSwizzler.h */ = {isa = PBXFileReference; fileEncoding = 4; lastKnownFileType = sourcecode.c.h; path = ANSSwizzler.h; sourceTree = "<group>"; };
		E89F8396221FA80D008A4733 /* ANSSwizzler.m */ = {isa = PBXFileReference; fileEncoding = 4; lastKnownFileType = sourcecode.c.objc; path = ANSSwizzler.m; sourceTree = "<group>"; };
		E89F83A2221FBF13008A4733 /* ANSDataProcessing.h */ = {isa = PBXFileReference; lastKnownFileType = sourcecode.c.h; path = ANSDataProcessing.h; sourceTree = "<group>"; };
		E89F83A3221FBF13008A4733 /* ANSDataProcessing.m */ = {isa = PBXFileReference; lastKnownFileType = sourcecode.c.objc; path = ANSDataProcessing.m; sourceTree = "<group>"; };
		E89F83A6221FDD2A008A4733 /* ANSDataFunc.h */ = {isa = PBXFileReference; lastKnownFileType = sourcecode.c.h; path = ANSDataFunc.h; sourceTree = "<group>"; };
		E89F83A7221FDD2A008A4733 /* ANSDataFunc.m */ = {isa = PBXFileReference; lastKnownFileType = sourcecode.c.objc; path = ANSDataFunc.m; sourceTree = "<group>"; };
		E89F83AA221FDD43008A4733 /* ANSDataCheck.h */ = {isa = PBXFileReference; lastKnownFileType = sourcecode.c.h; path = ANSDataCheck.h; sourceTree = "<group>"; };
		E89F83AB221FDD43008A4733 /* ANSDataCheck.m */ = {isa = PBXFileReference; lastKnownFileType = sourcecode.c.objc; path = ANSDataCheck.m; sourceTree = "<group>"; };
		E89F83AE221FE02D008A4733 /* NSInvocation+ANSHelper.m */ = {isa = PBXFileReference; fileEncoding = 4; lastKnownFileType = sourcecode.c.objc; path = "NSInvocation+ANSHelper.m"; sourceTree = "<group>"; };
		E89F83AF221FE02D008A4733 /* NSInvocation+ANSHelper.h */ = {isa = PBXFileReference; fileEncoding = 4; lastKnownFileType = sourcecode.c.h; path = "NSInvocation+ANSHelper.h"; sourceTree = "<group>"; };
		E89F83B2221FE035008A4733 /* ANSMediator.h */ = {isa = PBXFileReference; fileEncoding = 4; lastKnownFileType = sourcecode.c.h; path = ANSMediator.h; sourceTree = "<group>"; };
		E89F83B3221FE035008A4733 /* ANSMediator.m */ = {isa = PBXFileReference; fileEncoding = 4; lastKnownFileType = sourcecode.c.objc; path = ANSMediator.m; sourceTree = "<group>"; };
		E8D6D613222111A900B7E5BA /* ANSDefaultStrategy.m */ = {isa = PBXFileReference; fileEncoding = 4; lastKnownFileType = sourcecode.c.objc; path = ANSDefaultStrategy.m; sourceTree = "<group>"; };
		E8D6D614222111A900B7E5BA /* ANSStrategyManager.h */ = {isa = PBXFileReference; fileEncoding = 4; lastKnownFileType = sourcecode.c.h; path = ANSStrategyManager.h; sourceTree = "<group>"; };
		E8D6D615222111A900B7E5BA /* ANSDelayStrategy.h */ = {isa = PBXFileReference; fileEncoding = 4; lastKnownFileType = sourcecode.c.h; path = ANSDelayStrategy.h; sourceTree = "<group>"; };
		E8D6D616222111A900B7E5BA /* ANSServerStrategy.m */ = {isa = PBXFileReference; fileEncoding = 4; lastKnownFileType = sourcecode.c.objc; path = ANSServerStrategy.m; sourceTree = "<group>"; };
		E8D6D617222111A900B7E5BA /* ANSServerStrategy.h */ = {isa = PBXFileReference; fileEncoding = 4; lastKnownFileType = sourcecode.c.h; path = ANSServerStrategy.h; sourceTree = "<group>"; };
		E8D6D618222111A900B7E5BA /* ANSStrategyProtocol.h */ = {isa = PBXFileReference; fileEncoding = 4; lastKnownFileType = sourcecode.c.h; path = ANSStrategyProtocol.h; sourceTree = "<group>"; };
		E8D6D619222111A900B7E5BA /* ANSUserStrategy.h */ = {isa = PBXFileReference; fileEncoding = 4; lastKnownFileType = sourcecode.c.h; path = ANSUserStrategy.h; sourceTree = "<group>"; };
		E8D6D61A222111A900B7E5BA /* ANSDefaultStrategy.h */ = {isa = PBXFileReference; fileEncoding = 4; lastKnownFileType = sourcecode.c.h; path = ANSDefaultStrategy.h; sourceTree = "<group>"; };
		E8D6D61B222111A900B7E5BA /* ANSDelayStrategy.m */ = {isa = PBXFileReference; fileEncoding = 4; lastKnownFileType = sourcecode.c.objc; path = ANSDelayStrategy.m; sourceTree = "<group>"; };
		E8D6D61C222111A900B7E5BA /* ANSStrategyManager.m */ = {isa = PBXFileReference; fileEncoding = 4; lastKnownFileType = sourcecode.c.objc; path = ANSStrategyManager.m; sourceTree = "<group>"; };
		E8D6D61D222111A900B7E5BA /* ANSUserStrategy.m */ = {isa = PBXFileReference; fileEncoding = 4; lastKnownFileType = sourcecode.c.objc; path = ANSUserStrategy.m; sourceTree = "<group>"; };
		E8D6D6292221139600B7E5BA /* ANSConst.m */ = {isa = PBXFileReference; fileEncoding = 4; lastKnownFileType = sourcecode.c.objc; path = ANSConst.m; sourceTree = "<group>"; };
		E8D6D62A2221139600B7E5BA /* ANSConst.h */ = {isa = PBXFileReference; fileEncoding = 4; lastKnownFileType = sourcecode.c.h; path = ANSConst.h; sourceTree = "<group>"; };
		E8D6D62D222118D600B7E5BA /* NSString+ANSMD5.m */ = {isa = PBXFileReference; fileEncoding = 4; lastKnownFileType = sourcecode.c.objc; path = "NSString+ANSMD5.m"; sourceTree = "<group>"; };
		E8D6D62E222118D600B7E5BA /* NSString+ANSMD5.h */ = {isa = PBXFileReference; fileEncoding = 4; lastKnownFileType = sourcecode.c.h; path = "NSString+ANSMD5.h"; sourceTree = "<group>"; };
		E8D6D631222118E200B7E5BA /* ANSSession.h */ = {isa = PBXFileReference; fileEncoding = 4; lastKnownFileType = sourcecode.c.h; path = ANSSession.h; sourceTree = "<group>"; };
		E8D6D632222118E200B7E5BA /* ANSSession.m */ = {isa = PBXFileReference; fileEncoding = 4; lastKnownFileType = sourcecode.c.objc; path = ANSSession.m; sourceTree = "<group>"; };
		E8D6D63922213D1900B7E5BA /* ANSUploadManager.h */ = {isa = PBXFileReference; fileEncoding = 4; lastKnownFileType = sourcecode.c.h; path = ANSUploadManager.h; sourceTree = "<group>"; };
		E8D6D63A22213D1900B7E5BA /* ANSUploadManager.m */ = {isa = PBXFileReference; fileEncoding = 4; lastKnownFileType = sourcecode.c.objc; path = ANSUploadManager.m; sourceTree = "<group>"; };
		E8D6D63F22213E1900B7E5BA /* ANSGzip.h */ = {isa = PBXFileReference; fileEncoding = 4; lastKnownFileType = sourcecode.c.h; path = ANSGzip.h; sourceTree = "<group>"; };
		E8D6D64022213E1900B7E5BA /* ANSGzip.m */ = {isa = PBXFileReference; fileEncoding = 4; lastKnownFileType = sourcecode.c.objc; path = ANSGzip.m; sourceTree = "<group>"; };
		E8DEE3F72227C1E500A11D55 /* ANSWKWebViewController.xib */ = {isa = PBXFileReference; fileEncoding = 4; lastKnownFileType = file.xib; path = ANSWKWebViewController.xib; sourceTree = "<group>"; };
		E8DEE3F82227C1E500A11D55 /* ANSWKWebViewController.m */ = {isa = PBXFileReference; fileEncoding = 4; lastKnownFileType = sourcecode.c.objc; path = ANSWKWebViewController.m; sourceTree = "<group>"; };
		E8DEE3F92227C1E500A11D55 /* ANSWebViewController.h */ = {isa = PBXFileReference; fileEncoding = 4; lastKnownFileType = sourcecode.c.h; path = ANSWebViewController.h; sourceTree = "<group>"; };
		E8DEE3FA2227C1E500A11D55 /* ANSWKWebViewController.h */ = {isa = PBXFileReference; fileEncoding = 4; lastKnownFileType = sourcecode.c.h; path = ANSWKWebViewController.h; sourceTree = "<group>"; };
		E8DEE3FB2227C1E500A11D55 /* ANSWebViewController.xib */ = {isa = PBXFileReference; fileEncoding = 4; lastKnownFileType = file.xib; path = ANSWebViewController.xib; sourceTree = "<group>"; };
		E8DEE3FC2227C1E500A11D55 /* ANSWebViewController.m */ = {isa = PBXFileReference; fileEncoding = 4; lastKnownFileType = sourcecode.c.objc; path = ANSWebViewController.m; sourceTree = "<group>"; };
		E8DEE4012227C1EC00A11D55 /* app */ = {isa = PBXFileReference; lastKnownFileType = folder; path = app; sourceTree = "<group>"; };
		E8DEE4052227C28800A11D55 /* NextViewController.m */ = {isa = PBXFileReference; fileEncoding = 4; lastKnownFileType = sourcecode.c.objc; path = NextViewController.m; sourceTree = "<group>"; };
		E8DEE4062227C28800A11D55 /* ANSNavigationViewController.m */ = {isa = PBXFileReference; fileEncoding = 4; lastKnownFileType = sourcecode.c.objc; path = ANSNavigationViewController.m; sourceTree = "<group>"; };
		E8DEE4072227C28800A11D55 /* ANSHomeViewController.h */ = {isa = PBXFileReference; fileEncoding = 4; lastKnownFileType = sourcecode.c.h; path = ANSHomeViewController.h; sourceTree = "<group>"; };
		E8DEE4082227C28800A11D55 /* ANSDemoController.h */ = {isa = PBXFileReference; fileEncoding = 4; lastKnownFileType = sourcecode.c.h; path = ANSDemoController.h; sourceTree = "<group>"; };
		E8DEE4092227C28800A11D55 /* ANSDemoCollectionHeaderView.h */ = {isa = PBXFileReference; fileEncoding = 4; lastKnownFileType = sourcecode.c.h; path = ANSDemoCollectionHeaderView.h; sourceTree = "<group>"; };
		E8DEE40A2227C28800A11D55 /* ANSDemoCollectionViewCell.xib */ = {isa = PBXFileReference; fileEncoding = 4; lastKnownFileType = file.xib; path = ANSDemoCollectionViewCell.xib; sourceTree = "<group>"; };
		E8DEE40B2227C28800A11D55 /* ANSTabBarController.m */ = {isa = PBXFileReference; fileEncoding = 4; lastKnownFileType = sourcecode.c.objc; path = ANSTabBarController.m; sourceTree = "<group>"; };
		E8DEE40C2227C28800A11D55 /* ANSDemoCollectionViewCell.h */ = {isa = PBXFileReference; fileEncoding = 4; lastKnownFileType = sourcecode.c.h; path = ANSDemoCollectionViewCell.h; sourceTree = "<group>"; };
		E8DEE40E2227C28800A11D55 /* ANSHomeViewController.m */ = {isa = PBXFileReference; fileEncoding = 4; lastKnownFileType = sourcecode.c.objc; path = ANSHomeViewController.m; sourceTree = "<group>"; };
		E8DEE40F2227C28800A11D55 /* ANSNavigationViewController.h */ = {isa = PBXFileReference; fileEncoding = 4; lastKnownFileType = sourcecode.c.h; path = ANSNavigationViewController.h; sourceTree = "<group>"; };
		E8DEE4102227C28800A11D55 /* NextViewController.h */ = {isa = PBXFileReference; fileEncoding = 4; lastKnownFileType = sourcecode.c.h; path = NextViewController.h; sourceTree = "<group>"; };
		E8DEE4122227C28800A11D55 /* ANSDemoCollectionHeaderView.xib */ = {isa = PBXFileReference; fileEncoding = 4; lastKnownFileType = file.xib; path = ANSDemoCollectionHeaderView.xib; sourceTree = "<group>"; };
		E8DEE4132227C28800A11D55 /* ANSDemoCollectionHeaderView.m */ = {isa = PBXFileReference; fileEncoding = 4; lastKnownFileType = sourcecode.c.objc; path = ANSDemoCollectionHeaderView.m; sourceTree = "<group>"; };
		E8DEE4142227C28800A11D55 /* ANSDemoController.m */ = {isa = PBXFileReference; fileEncoding = 4; lastKnownFileType = sourcecode.c.objc; path = ANSDemoController.m; sourceTree = "<group>"; };
		E8DEE4162227C28800A11D55 /* ANSTabBarController.h */ = {isa = PBXFileReference; fileEncoding = 4; lastKnownFileType = sourcecode.c.h; path = ANSTabBarController.h; sourceTree = "<group>"; };
		E8DEE4182227C28800A11D55 /* ANSDemoCollectionViewCell.m */ = {isa = PBXFileReference; fileEncoding = 4; lastKnownFileType = sourcecode.c.objc; path = ANSDemoCollectionViewCell.m; sourceTree = "<group>"; };
		E8DEE4262227C2D400A11D55 /* UIView+MGO.m */ = {isa = PBXFileReference; fileEncoding = 4; lastKnownFileType = sourcecode.c.objc; path = "UIView+MGO.m"; sourceTree = "<group>"; };
		E8DEE4272227C2D400A11D55 /* ANSSlider.m */ = {isa = PBXFileReference; fileEncoding = 4; lastKnownFileType = sourcecode.c.objc; path = ANSSlider.m; sourceTree = "<group>"; };
		E8DEE4282227C2D400A11D55 /* ANSButton.m */ = {isa = PBXFileReference; fileEncoding = 4; lastKnownFileType = sourcecode.c.objc; path = ANSButton.m; sourceTree = "<group>"; };
		E8DEE4292227C2D400A11D55 /* UIColor+Transform.h */ = {isa = PBXFileReference; fileEncoding = 4; lastKnownFileType = sourcecode.c.h; path = "UIColor+Transform.h"; sourceTree = "<group>"; };
		E8DEE42A2227C2D400A11D55 /* ANSTextField.m */ = {isa = PBXFileReference; fileEncoding = 4; lastKnownFileType = sourcecode.c.objc; path = ANSTextField.m; sourceTree = "<group>"; };
		E8DEE42B2227C2D400A11D55 /* ANSSlider.h */ = {isa = PBXFileReference; fileEncoding = 4; lastKnownFileType = sourcecode.c.h; path = ANSSlider.h; sourceTree = "<group>"; };
		E8DEE42C2227C2D400A11D55 /* UIView+MGO.h */ = {isa = PBXFileReference; fileEncoding = 4; lastKnownFileType = sourcecode.c.h; path = "UIView+MGO.h"; sourceTree = "<group>"; };
		E8DEE42D2227C2D400A11D55 /* UIColor+Transform.m */ = {isa = PBXFileReference; fileEncoding = 4; lastKnownFileType = sourcecode.c.objc; path = "UIColor+Transform.m"; sourceTree = "<group>"; };
		E8DEE42F2227C2D400A11D55 /* UIView+KeyboardAnimation.m */ = {isa = PBXFileReference; fileEncoding = 4; lastKnownFileType = sourcecode.c.objc; path = "UIView+KeyboardAnimation.m"; sourceTree = "<group>"; };
		E8DEE4302227C2D400A11D55 /* UIView+CustomLayout.m */ = {isa = PBXFileReference; fileEncoding = 4; lastKnownFileType = sourcecode.c.objc; path = "UIView+CustomLayout.m"; sourceTree = "<group>"; };
		E8DEE4312227C2D400A11D55 /* UIView+KeyboardAnimation.h */ = {isa = PBXFileReference; fileEncoding = 4; lastKnownFileType = sourcecode.c.h; path = "UIView+KeyboardAnimation.h"; sourceTree = "<group>"; };
		E8DEE4322227C2D400A11D55 /* UIView+CustomLayout.h */ = {isa = PBXFileReference; fileEncoding = 4; lastKnownFileType = sourcecode.c.h; path = "UIView+CustomLayout.h"; sourceTree = "<group>"; };
		E8DEE4332227C2D400A11D55 /* ANSButton.h */ = {isa = PBXFileReference; fileEncoding = 4; lastKnownFileType = sourcecode.c.h; path = ANSButton.h; sourceTree = "<group>"; };
		E8DEE4342227C2D400A11D55 /* ANSTextField.h */ = {isa = PBXFileReference; fileEncoding = 4; lastKnownFileType = sourcecode.c.h; path = ANSTextField.h; sourceTree = "<group>"; };
		E8DEE43C2227C40700A11D55 /* DataSource.plist */ = {isa = PBXFileReference; fileEncoding = 4; lastKnownFileType = text.plist.xml; path = DataSource.plist; sourceTree = "<group>"; };
		E8DEE43E2227C4A300A11D55 /* ANSBaseViewController.m */ = {isa = PBXFileReference; fileEncoding = 4; lastKnownFileType = sourcecode.c.objc; path = ANSBaseViewController.m; sourceTree = "<group>"; };
		E8DEE43F2227C4A300A11D55 /* ANSBaseViewController.h */ = {isa = PBXFileReference; fileEncoding = 4; lastKnownFileType = sourcecode.c.h; path = ANSBaseViewController.h; sourceTree = "<group>"; };
		E8EAC0B922394A2100E7B6B0 /* ANSDemoViewController.h */ = {isa = PBXFileReference; lastKnownFileType = sourcecode.c.h; path = ANSDemoViewController.h; sourceTree = "<group>"; };
		E8EAC0BA22394A2100E7B6B0 /* ANSDemoViewController.m */ = {isa = PBXFileReference; lastKnownFileType = sourcecode.c.objc; path = ANSDemoViewController.m; sourceTree = "<group>"; };
/* End PBXFileReference section */

/* Begin PBXFrameworksBuildPhase section */
		E8996E512229193800FEA30A /* Frameworks */ = {
			isa = PBXFrameworksBuildPhase;
			buildActionMask = 2147483647;
			files = (
				E8996E6C22291E2600FEA30A /* AnalysysAgent.framework in Frameworks */,
			);
			runOnlyForDeploymentPostprocessing = 0;
		};
		E89F8331221F90E1008A4733 /* Frameworks */ = {
			isa = PBXFrameworksBuildPhase;
			buildActionMask = 2147483647;
			files = (
				E833A24422327086006ED08F /* MobileCoreServices.framework in Frameworks */,
				E833A24222327074006ED08F /* SystemConfiguration.framework in Frameworks */,
				E833A23D22326CD9006ED08F /* libicucore.tbd in Frameworks */,
				E833A23B22326CC2006ED08F /* Security.framework in Frameworks */,
				E833A23922326CBA006ED08F /* CFNetwork.framework in Frameworks */,
				E833A23722326CB2006ED08F /* CoreTelephony.framework in Frameworks */,
				E833A23222326C8D006ED08F /* AdSupport.framework in Frameworks */,
				E833A23022326C85006ED08F /* libz.tbd in Frameworks */,
				E833A22C22326C6F006ED08F /* libxml2.tbd in Frameworks */,
				E833A22A22326C64006ED08F /* libresolv.tbd in Frameworks */,
				E833A22822326C57006ED08F /* libc++.tbd in Frameworks */,
				E833A22622326C4A006ED08F /* libsqlite3.tbd in Frameworks */,
				E86A27B8223211D000551071 /* AnalysysAgent.framework in Frameworks */,
			);
			runOnlyForDeploymentPostprocessing = 0;
		};
		E89F834F221F9124008A4733 /* Frameworks */ = {
			isa = PBXFrameworksBuildPhase;
			buildActionMask = 2147483647;
			files = (
			);
			runOnlyForDeploymentPostprocessing = 0;
		};
/* End PBXFrameworksBuildPhase section */

/* Begin PBXGroup section */
		E804F0072230B86A00ABD3C3 /* ModuleConfig */ = {
			isa = PBXGroup;
			children = (
				E804F0082230BBB100ABD3C3 /* ANSModuleConfig.h */,
				E804F0092230BBB100ABD3C3 /* ANSModuleConfig.m */,
				E804F0102230BF5000ABD3C3 /* ANSModuleProcessing.h */,
				E804F0112230BF5000ABD3C3 /* ANSModuleProcessing.m */,
			);
			path = ModuleConfig;
			sourceTree = "<group>";
		};
		E86A27B7223211D000551071 /* Frameworks */ = {
			isa = PBXGroup;
			children = (
				E833A24322327086006ED08F /* MobileCoreServices.framework */,
				E833A24122327074006ED08F /* SystemConfiguration.framework */,
				E833A23C22326CD9006ED08F /* libicucore.tbd */,
				E833A23A22326CC2006ED08F /* Security.framework */,
				E833A23822326CBA006ED08F /* CFNetwork.framework */,
				E833A23622326CB2006ED08F /* CoreTelephony.framework */,
				E833A23422326CAA006ED08F /* CoreGraphics.framework */,
				E833A23122326C8D006ED08F /* AdSupport.framework */,
				E833A22F22326C85006ED08F /* libz.tbd */,
				E833A22D22326C7C006ED08F /* UserNotifications.framework */,
				E833A22B22326C6F006ED08F /* libxml2.tbd */,
				E833A22922326C64006ED08F /* libresolv.tbd */,
				E833A22722326C57006ED08F /* libc++.tbd */,
				E833A22522326C4A006ED08F /* libsqlite3.tbd */,
			);
			name = Frameworks;
			sourceTree = "<group>";
		};
		E8996E552229193800FEA30A /* AnalysysSDK-Swift */ = {
			isa = PBXGroup;
			children = (
				E8996E562229193800FEA30A /* AppDelegate.swift */,
				E8996E582229193800FEA30A /* ViewController.swift */,
				E8996E762229539E00FEA30A /* ANSNextViewController.swift */,
				E8996E6922291CC800FEA30A /* ANSDemo.h */,
				E8996E6A22291CC800FEA30A /* ANSDemo.m */,
				E8996E5A2229193800FEA30A /* Main.storyboard */,
				E8996E5D2229193900FEA30A /* Assets.xcassets */,
				E8996E5F2229193900FEA30A /* LaunchScreen.storyboard */,
				E8996E622229193900FEA30A /* Info.plist */,
				E8996E6822291CC800FEA30A /* AnalysysSDK-Swift-Bridging-Header.h */,
			);
			path = "AnalysysSDK-Swift";
			sourceTree = "<group>";
		};
		E89F832B221F90E1008A4733 = {
			isa = PBXGroup;
			children = (
				E835C59E2232087600C950CE /* AnalysysAgent.bundle */,
				E89F8336221F90E1008A4733 /* AnalysysSDK-iOS */,
				E8996E552229193800FEA30A /* AnalysysSDK-Swift */,
				E89F8353221F9124008A4733 /* AnalysysAgent */,
				E89F8335221F90E1008A4733 /* Products */,
				E86A27B7223211D000551071 /* Frameworks */,
			);
			sourceTree = "<group>";
		};
		E89F8335221F90E1008A4733 /* Products */ = {
			isa = PBXGroup;
			children = (
				E89F8334221F90E1008A4733 /* AnalysysSDK-iOS.app */,
				E89F8352221F9124008A4733 /* AnalysysAgent.framework */,
				E8996E542229193800FEA30A /* AnalysysSDK-Swift.app */,
			);
			name = Products;
			sourceTree = "<group>";
		};
		E89F8336221F90E1008A4733 /* AnalysysSDK-iOS */ = {
			isa = PBXGroup;
			children = (
				E833A23322326C97006ED08F /* AnalysysSDK-iOS.entitlements */,
				E8DEE3F52227C1BC00A11D55 /* Hybrid */,
				E8DEE4252227C2D400A11D55 /* Other */,
				E8DEE4032227C28800A11D55 /* Demo */,
				E89F8337221F90E1008A4733 /* AppDelegate.h */,
				E89F8338221F90E1008A4733 /* AppDelegate.m */,
				E8DEE43F2227C4A300A11D55 /* ANSBaseViewController.h */,
				E8DEE43E2227C4A300A11D55 /* ANSBaseViewController.m */,
				E8DEE40F2227C28800A11D55 /* ANSNavigationViewController.h */,
				E8DEE4062227C28800A11D55 /* ANSNavigationViewController.m */,
				E8DEE4162227C28800A11D55 /* ANSTabBarController.h */,
				E8DEE40B2227C28800A11D55 /* ANSTabBarController.m */,
				E833A23F22326FC3006ED08F /* EGToastView.h */,
				E833A23E22326FC3006ED08F /* EGToastView.m */,
				E833A25A2234CE3D006ED08F /* ANSLocationManager.h */,
				E833A25B2234CE3D006ED08F /* ANSLocationManager.m */,
				E89F833D221F90E1008A4733 /* Main.storyboard */,
				E89F8340221F90E2008A4733 /* Assets.xcassets */,
				E89F8342221F90E2008A4733 /* LaunchScreen.storyboard */,
				E89F8345221F90E2008A4733 /* Info.plist */,
				E8DEE43C2227C40700A11D55 /* DataSource.plist */,
				E89F8346221F90E2008A4733 /* main.m */,
			);
			path = "AnalysysSDK-iOS";
			sourceTree = "<group>";
		};
		E89F8353221F9124008A4733 /* AnalysysAgent */ = {
			isa = PBXGroup;
			children = (
				E89F8365221F9545008A4733 /* AnalysysAgent.h */,
				E89F8366221F9545008A4733 /* AnalysysAgent.m */,
				E89F8369221F968F008A4733 /* AnalysysSDK.h */,
				E89F836A221F968F008A4733 /* AnalysysSDK.m */,
				E804F0072230B86A00ABD3C3 /* ModuleConfig */,
				E89F8399221FBE92008A4733 /* DataConfig */,
				E89F8394221FA78C008A4733 /* Category */,
				E89F8373221F9BF2008A4733 /* Util */,
				E89F8364221F94F3008A4733 /* DB */,
				E89F8362221F94F2008A4733 /* Module */,
				E89F8361221F94F2008A4733 /* Network */,
				E89F8363221F94F3008A4733 /* Strategy */,
				E89F8355221F9124008A4733 /* Info.plist */,
			);
			path = AnalysysAgent;
			sourceTree = "<group>";
		};
		E89F8361221F94F2008A4733 /* Network */ = {
			isa = PBXGroup;
			children = (
				E89F838D221FA6A1008A4733 /* ANSReachability.h */,
				E89F838E221FA6A1008A4733 /* ANSReachability.m */,
				E89F838C221FA6A1008A4733 /* ANSTelephonyNetwork.h */,
				E89F838F221FA6A1008A4733 /* ANSTelephonyNetwork.m */,
			);
			path = Network;
			sourceTree = "<group>";
		};
		E89F8362221F94F2008A4733 /* Module */ = {
			isa = PBXGroup;
			children = (
				E812E0DF222276EB006678FA /* ANSOpenURLAutoTrack.h */,
				E812E0E2222276EB006678FA /* ANSOpenURLAutoTrack.m */,
				E812E0E0222276EB006678FA /* ANSPageAutoTrack.h */,
				E812E0E1222276EB006678FA /* ANSPageAutoTrack.m */,
				E8D6D63922213D1900B7E5BA /* ANSUploadManager.h */,
				E8D6D63A22213D1900B7E5BA /* ANSUploadManager.m */,
				E8D6D631222118E200B7E5BA /* ANSSession.h */,
				E8D6D632222118E200B7E5BA /* ANSSession.m */,
				E89F8388221FA57C008A4733 /* ANSDeviceInfo.h */,
				E89F8389221FA57C008A4733 /* ANSDeviceInfo.m */,
				E812E0EB2223D24F006678FA /* ANSHybrid.h */,
				E812E0EA2223D24E006678FA /* ANSHybrid.m */,
			);
			path = Module;
			sourceTree = "<group>";
		};
		E89F8363221F94F3008A4733 /* Strategy */ = {
			isa = PBXGroup;
			children = (
				E8D6D614222111A900B7E5BA /* ANSStrategyManager.h */,
				E8D6D61C222111A900B7E5BA /* ANSStrategyManager.m */,
				E8D6D618222111A900B7E5BA /* ANSStrategyProtocol.h */,
				E8D6D61A222111A900B7E5BA /* ANSDefaultStrategy.h */,
				E8D6D613222111A900B7E5BA /* ANSDefaultStrategy.m */,
				E8D6D615222111A900B7E5BA /* ANSDelayStrategy.h */,
				E8D6D61B222111A900B7E5BA /* ANSDelayStrategy.m */,
				E8D6D617222111A900B7E5BA /* ANSServerStrategy.h */,
				E8D6D616222111A900B7E5BA /* ANSServerStrategy.m */,
				E8D6D619222111A900B7E5BA /* ANSUserStrategy.h */,
				E8D6D61D222111A900B7E5BA /* ANSUserStrategy.m */,
			);
			path = Strategy;
			sourceTree = "<group>";
		};
		E89F8364221F94F3008A4733 /* DB */ = {
			isa = PBXGroup;
			children = (
				E89F837D221FA1C4008A4733 /* ANSDatabase.h */,
				E89F837C221FA1C4008A4733 /* ANSDatabase.m */,
			);
			path = DB;
			sourceTree = "<group>";
		};
		E89F8373221F9BF2008A4733 /* Util */ = {
			isa = PBXGroup;
			children = (
				E804F00C2230BCF300ABD3C3 /* ANSBundleUtil.h */,
				E804F00D2230BCF300ABD3C3 /* ANSBundleUtil.m */,
				E8D6D62A2221139600B7E5BA /* ANSConst.h */,
				E8D6D6292221139600B7E5BA /* ANSConst.m */,
				E89F8378221FA073008A4733 /* ANSConsleLog.h */,
				E89F8379221FA073008A4733 /* ANSConsleLog.m */,
				E8D6D63F22213E1900B7E5BA /* ANSGzip.h */,
				E8D6D64022213E1900B7E5BA /* ANSGzip.m */,
				E89F83B2221FE035008A4733 /* ANSMediator.h */,
				E89F83B3221FE035008A4733 /* ANSMediator.m */,
				E89F8384221FA3F9008A4733 /* ANSJsonUtil.h */,
				E89F8385221FA3F9008A4733 /* ANSJsonUtil.m */,
				E89F8395221FA80D008A4733 /* ANSSwizzler.h */,
				E89F8396221FA80D008A4733 /* ANSSwizzler.m */,
				E8361C012220FAA1000A01E8 /* ANSUtil.h */,
				E8361C022220FAA2000A01E8 /* ANSUtil.m */,
				E8361C052220FF60000A01E8 /* ANSFileManager.h */,
				E8361C062220FF60000A01E8 /* ANSFileManager.m */,
			);
			path = Util;
			sourceTree = "<group>";
		};
		E89F8394221FA78C008A4733 /* Category */ = {
			isa = PBXGroup;
			children = (
				E89F83AF221FE02D008A4733 /* NSInvocation+ANSHelper.h */,
				E89F83AE221FE02D008A4733 /* NSInvocation+ANSHelper.m */,
				E8D6D62E222118D600B7E5BA /* NSString+ANSMD5.h */,
				E8D6D62D222118D600B7E5BA /* NSString+ANSMD5.m */,
				E86A27D8223217B200551071 /* NSThread+ANSHelper.h */,
				E86A27D2223217B200551071 /* NSThread+ANSHelper.m */,
				E86A27CF223217B200551071 /* NSObject+ANSSwizzling.h */,
				E86A27D7223217B200551071 /* NSObject+ANSSwizzling.m */,
			);
			path = Category;
			sourceTree = "<group>";
		};
		E89F8399221FBE92008A4733 /* DataConfig */ = {
			isa = PBXGroup;
			children = (
				E89F8374221F9C0B008A4733 /* ANSDataConfig.h */,
				E89F8375221F9C0B008A4733 /* ANSDataConfig.m */,
				E89F83A2221FBF13008A4733 /* ANSDataProcessing.h */,
				E89F83A3221FBF13008A4733 /* ANSDataProcessing.m */,
				E89F83A6221FDD2A008A4733 /* ANSDataFunc.h */,
				E89F83A7221FDD2A008A4733 /* ANSDataFunc.m */,
				E89F83AA221FDD43008A4733 /* ANSDataCheck.h */,
				E89F83AB221FDD43008A4733 /* ANSDataCheck.m */,
			);
			path = DataConfig;
			sourceTree = "<group>";
		};
		E8DEE3F52227C1BC00A11D55 /* Hybrid */ = {
			isa = PBXGroup;
			children = (
				E8DEE4012227C1EC00A11D55 /* app */,
				E8DEE3F62227C1E500A11D55 /* Hybrid */,
			);
			path = Hybrid;
			sourceTree = "<group>";
		};
		E8DEE3F62227C1E500A11D55 /* Hybrid */ = {
			isa = PBXGroup;
			children = (
				E8DEE3FA2227C1E500A11D55 /* ANSWKWebViewController.h */,
				E8DEE3F82227C1E500A11D55 /* ANSWKWebViewController.m */,
				E8DEE3F72227C1E500A11D55 /* ANSWKWebViewController.xib */,
				E8DEE3F92227C1E500A11D55 /* ANSWebViewController.h */,
				E8DEE3FC2227C1E500A11D55 /* ANSWebViewController.m */,
				E8DEE3FB2227C1E500A11D55 /* ANSWebViewController.xib */,
			);
			path = Hybrid;
			sourceTree = "<group>";
		};
		E8DEE4032227C28800A11D55 /* Demo */ = {
			isa = PBXGroup;
			children = (
				E8DEE4072227C28800A11D55 /* ANSHomeViewController.h */,
				E8DEE40E2227C28800A11D55 /* ANSHomeViewController.m */,
				E8DEE4082227C28800A11D55 /* ANSDemoController.h */,
				E8DEE4142227C28800A11D55 /* ANSDemoController.m */,
				E8DEE4092227C28800A11D55 /* ANSDemoCollectionHeaderView.h */,
				E8DEE4132227C28800A11D55 /* ANSDemoCollectionHeaderView.m */,
				E8DEE4122227C28800A11D55 /* ANSDemoCollectionHeaderView.xib */,
				E8DEE40C2227C28800A11D55 /* ANSDemoCollectionViewCell.h */,
				E8DEE4182227C28800A11D55 /* ANSDemoCollectionViewCell.m */,
				E8DEE40A2227C28800A11D55 /* ANSDemoCollectionViewCell.xib */,
				E8DEE4102227C28800A11D55 /* NextViewController.h */,
				E8DEE4052227C28800A11D55 /* NextViewController.m */,
				E8EAC0B922394A2100E7B6B0 /* ANSDemoViewController.h */,
				E8EAC0BA22394A2100E7B6B0 /* ANSDemoViewController.m */,
			);
			path = Demo;
			sourceTree = "<group>";
		};
		E8DEE4252227C2D400A11D55 /* Other */ = {
			isa = PBXGroup;
			children = (
				E8DEE42E2227C2D400A11D55 /* HRKeyboardAnimation */,
				E8DEE4262227C2D400A11D55 /* UIView+MGO.m */,
				E8DEE42C2227C2D400A11D55 /* UIView+MGO.h */,
				E8DEE42B2227C2D400A11D55 /* ANSSlider.h */,
				E8DEE4272227C2D400A11D55 /* ANSSlider.m */,
				E8DEE4332227C2D400A11D55 /* ANSButton.h */,
				E8DEE4282227C2D400A11D55 /* ANSButton.m */,
				E8DEE4292227C2D400A11D55 /* UIColor+Transform.h */,
				E8DEE42D2227C2D400A11D55 /* UIColor+Transform.m */,
				E8DEE4342227C2D400A11D55 /* ANSTextField.h */,
				E8DEE42A2227C2D400A11D55 /* ANSTextField.m */,
			);
			path = Other;
			sourceTree = "<group>";
		};
		E8DEE42E2227C2D400A11D55 /* HRKeyboardAnimation */ = {
			isa = PBXGroup;
			children = (
				E8DEE42F2227C2D400A11D55 /* UIView+KeyboardAnimation.m */,
				E8DEE4302227C2D400A11D55 /* UIView+CustomLayout.m */,
				E8DEE4312227C2D400A11D55 /* UIView+KeyboardAnimation.h */,
				E8DEE4322227C2D400A11D55 /* UIView+CustomLayout.h */,
			);
			path = HRKeyboardAnimation;
			sourceTree = "<group>";
		};
/* End PBXGroup section */

/* Begin PBXHeadersBuildPhase section */
		E89F834D221F9124008A4733 /* Headers */ = {
			isa = PBXHeadersBuildPhase;
			buildActionMask = 2147483647;
			files = (
				E804F00A2230BBB100ABD3C3 /* ANSModuleConfig.h in Headers */,
				E89F8367221F9545008A4733 /* AnalysysAgent.h in Headers */,
				E8D6D61F222111A900B7E5BA /* ANSStrategyManager.h in Headers */,
				E8D6D64322213E1900B7E5BA /* ANSGzip.h in Headers */,
				E89F8376221F9C0B008A4733 /* ANSDataConfig.h in Headers */,
				E812E0ED2223D24F006678FA /* ANSHybrid.h in Headers */,
				E8D6D63B22213D1900B7E5BA /* ANSUploadManager.h in Headers */,
				E8361C072220FF60000A01E8 /* ANSFileManager.h in Headers */,
				E89F83A4221FBF13008A4733 /* ANSDataProcessing.h in Headers */,
				E89F837A221FA073008A4733 /* ANSConsleLog.h in Headers */,
				E804F00E2230BCF300ABD3C3 /* ANSBundleUtil.h in Headers */,
				E89F83B1221FE02D008A4733 /* NSInvocation+ANSHelper.h in Headers */,
				E8D6D624222111A900B7E5BA /* ANSUserStrategy.h in Headers */,
				E89F8386221FA3F9008A4733 /* ANSJsonUtil.h in Headers */,
				E89F8391221FA6A1008A4733 /* ANSReachability.h in Headers */,
				E89F837F221FA1C4008A4733 /* ANSDatabase.h in Headers */,
				E89F838A221FA57C008A4733 /* ANSDeviceInfo.h in Headers */,
				E89F8397221FA80D008A4733 /* ANSSwizzler.h in Headers */,
				E89F836B221F968F008A4733 /* AnalysysSDK.h in Headers */,
				E804F0122230BF5000ABD3C3 /* ANSModuleProcessing.h in Headers */,
				E8D6D630222118D600B7E5BA /* NSString+ANSMD5.h in Headers */,
				E89F83AC221FDD43008A4733 /* ANSDataCheck.h in Headers */,
				E8D6D620222111A900B7E5BA /* ANSDelayStrategy.h in Headers */,
				E89F8390221FA6A1008A4733 /* ANSTelephonyNetwork.h in Headers */,
				E8D6D633222118E300B7E5BA /* ANSSession.h in Headers */,
				E8D6D62C2221139600B7E5BA /* ANSConst.h in Headers */,
				E89F83A8221FDD2A008A4733 /* ANSDataFunc.h in Headers */,
				E8D6D622222111A900B7E5BA /* ANSServerStrategy.h in Headers */,
				E812E0E4222276EC006678FA /* ANSPageAutoTrack.h in Headers */,
				E8D6D625222111A900B7E5BA /* ANSDefaultStrategy.h in Headers */,
				E8D6D623222111A900B7E5BA /* ANSStrategyProtocol.h in Headers */,
				E89F83B4221FE035008A4733 /* ANSMediator.h in Headers */,
				E8361C032220FAA2000A01E8 /* ANSUtil.h in Headers */,
				E812E0E3222276EC006678FA /* ANSOpenURLAutoTrack.h in Headers */,
			);
			runOnlyForDeploymentPostprocessing = 0;
		};
/* End PBXHeadersBuildPhase section */

/* Begin PBXNativeTarget section */
		E8996E532229193800FEA30A /* AnalysysSDK-Swift */ = {
			isa = PBXNativeTarget;
			buildConfigurationList = E8996E652229193900FEA30A /* Build configuration list for PBXNativeTarget "AnalysysSDK-Swift" */;
			buildPhases = (
				E8996E502229193800FEA30A /* Sources */,
				E8996E512229193800FEA30A /* Frameworks */,
				E8996E522229193800FEA30A /* Resources */,
				E8996E7022291E2700FEA30A /* Embed Frameworks */,
			);
			buildRules = (
			);
			dependencies = (
				E8996E6F22291E2600FEA30A /* PBXTargetDependency */,
			);
			name = "AnalysysSDK-Swift";
			productName = "AnalysysSDK-Swift";
			productReference = E8996E542229193800FEA30A /* AnalysysSDK-Swift.app */;
			productType = "com.apple.product-type.application";
		};
		E89F8333221F90E1008A4733 /* AnalysysSDK-iOS */ = {
			isa = PBXNativeTarget;
			buildConfigurationList = E89F834A221F90E2008A4733 /* Build configuration list for PBXNativeTarget "AnalysysSDK-iOS" */;
			buildPhases = (
				E89F8330221F90E1008A4733 /* Sources */,
				E89F8331221F90E1008A4733 /* Frameworks */,
				E89F8332221F90E1008A4733 /* Resources */,
				E86A27CB2232176B00551071 /* Embed Frameworks */,
			);
			buildRules = (
			);
			dependencies = (
			);
			name = "AnalysysSDK-iOS";
			productName = "AnalysysSDK-iOS";
			productReference = E89F8334221F90E1008A4733 /* AnalysysSDK-iOS.app */;
			productType = "com.apple.product-type.application";
		};
		E89F8351221F9124008A4733 /* AnalysysAgent */ = {
			isa = PBXNativeTarget;
			buildConfigurationList = E89F835B221F9124008A4733 /* Build configuration list for PBXNativeTarget "AnalysysAgent" */;
			buildPhases = (
				E89F834D221F9124008A4733 /* Headers */,
				E89F834E221F9124008A4733 /* Sources */,
				E89F834F221F9124008A4733 /* Frameworks */,
				E89F8350221F9124008A4733 /* Resources */,
			);
			buildRules = (
			);
			dependencies = (
			);
			name = AnalysysAgent;
			productName = AnalysysAgent;
			productReference = E89F8352221F9124008A4733 /* AnalysysAgent.framework */;
			productType = "com.apple.product-type.framework";
		};
/* End PBXNativeTarget section */

/* Begin PBXProject section */
		E89F832C221F90E1008A4733 /* Project object */ = {
			isa = PBXProject;
			attributes = {
				CLASSPREFIX = ANS;
				LastSwiftUpdateCheck = 1010;
				LastUpgradeCheck = 1010;
				ORGANIZATIONNAME = "shaochong du";
				TargetAttributes = {
					E8996E532229193800FEA30A = {
						CreatedOnToolsVersion = 10.1;
						LastSwiftMigration = 1010;
					};
					E89F8333221F90E1008A4733 = {
						CreatedOnToolsVersion = 10.1;
						SystemCapabilities = {
							com.apple.Push = {
								enabled = 1;
							};
						};
					};
					E89F8351221F9124008A4733 = {
						CreatedOnToolsVersion = 10.1;
					};
				};
			};
			buildConfigurationList = E89F832F221F90E1008A4733 /* Build configuration list for PBXProject "AnalysysSDK-iOS" */;
			compatibilityVersion = "Xcode 9.3";
			developmentRegion = en;
			hasScannedForEncodings = 0;
			knownRegions = (
				en,
				Base,
			);
			mainGroup = E89F832B221F90E1008A4733;
			productRefGroup = E89F8335221F90E1008A4733 /* Products */;
			projectDirPath = "";
			projectRoot = "";
			targets = (
				E89F8333221F90E1008A4733 /* AnalysysSDK-iOS */,
				E89F8351221F9124008A4733 /* AnalysysAgent */,
				E8996E532229193800FEA30A /* AnalysysSDK-Swift */,
			);
		};
/* End PBXProject section */

/* Begin PBXResourcesBuildPhase section */
		E8996E522229193800FEA30A /* Resources */ = {
			isa = PBXResourcesBuildPhase;
			buildActionMask = 2147483647;
			files = (
				E8996E612229193900FEA30A /* LaunchScreen.storyboard in Resources */,
				E8996E5E2229193900FEA30A /* Assets.xcassets in Resources */,
				E8996E5C2229193800FEA30A /* Main.storyboard in Resources */,
			);
			runOnlyForDeploymentPostprocessing = 0;
		};
		E89F8332221F90E1008A4733 /* Resources */ = {
			isa = PBXResourcesBuildPhase;
			buildActionMask = 2147483647;
			files = (
				E8DEE4022227C1EC00A11D55 /* app in Resources */,
				E89F8344221F90E2008A4733 /* LaunchScreen.storyboard in Resources */,
				E8DEE41F2227C28900A11D55 /* ANSDemoCollectionHeaderView.xib in Resources */,
				E835C59F2232087600C950CE /* AnalysysAgent.bundle in Resources */,
				E8DEE3FD2227C1E500A11D55 /* ANSWKWebViewController.xib in Resources */,
				E89F8341221F90E2008A4733 /* Assets.xcassets in Resources */,
				E89F833F221F90E1008A4733 /* Main.storyboard in Resources */,
				E8DEE3FF2227C1E500A11D55 /* ANSWebViewController.xib in Resources */,
				E8DEE43D2227C40700A11D55 /* DataSource.plist in Resources */,
				E8DEE41C2227C28900A11D55 /* ANSDemoCollectionViewCell.xib in Resources */,
			);
			runOnlyForDeploymentPostprocessing = 0;
		};
		E89F8350221F9124008A4733 /* Resources */ = {
			isa = PBXResourcesBuildPhase;
			buildActionMask = 2147483647;
			files = (
			);
			runOnlyForDeploymentPostprocessing = 0;
		};
/* End PBXResourcesBuildPhase section */

/* Begin PBXSourcesBuildPhase section */
		E8996E502229193800FEA30A /* Sources */ = {
			isa = PBXSourcesBuildPhase;
			buildActionMask = 2147483647;
			files = (
				E8996E592229193800FEA30A /* ViewController.swift in Sources */,
				E8996E6B22291CC800FEA30A /* ANSDemo.m in Sources */,
				E8996E772229539E00FEA30A /* ANSNextViewController.swift in Sources */,
				E8996E572229193800FEA30A /* AppDelegate.swift in Sources */,
			);
			runOnlyForDeploymentPostprocessing = 0;
		};
		E89F8330221F90E1008A4733 /* Sources */ = {
			isa = PBXSourcesBuildPhase;
			buildActionMask = 2147483647;
			files = (
				E8DEE3FE2227C1E500A11D55 /* ANSWKWebViewController.m in Sources */,
				E8DEE41B2227C28900A11D55 /* ANSNavigationViewController.m in Sources */,
				E8DEE4242227C28900A11D55 /* ANSDemoCollectionViewCell.m in Sources */,
				E8DEE41D2227C28900A11D55 /* ANSTabBarController.m in Sources */,
				E8DEE43B2227C2D400A11D55 /* UIView+CustomLayout.m in Sources */,
				E8DEE4212227C28900A11D55 /* ANSDemoController.m in Sources */,
				E8DEE41E2227C28900A11D55 /* ANSHomeViewController.m in Sources */,
				E833A25C2234CE3E006ED08F /* ANSLocationManager.m in Sources */,
				E8DEE4372227C2D400A11D55 /* ANSButton.m in Sources */,
				E8DEE4382227C2D400A11D55 /* ANSTextField.m in Sources */,
				E89F8347221F90E2008A4733 /* main.m in Sources */,
				E833A24022326FC3006ED08F /* EGToastView.m in Sources */,
				E8EAC0BB22394A2100E7B6B0 /* ANSDemoViewController.m in Sources */,
				E8DEE43A2227C2D400A11D55 /* UIView+KeyboardAnimation.m in Sources */,
				E8DEE41A2227C28900A11D55 /* NextViewController.m in Sources */,
				E8DEE4402227C4A300A11D55 /* ANSBaseViewController.m in Sources */,
				E8DEE4392227C2D400A11D55 /* UIColor+Transform.m in Sources */,
				E89F8339221F90E1008A4733 /* AppDelegate.m in Sources */,
				E8DEE4202227C28900A11D55 /* ANSDemoCollectionHeaderView.m in Sources */,
				E8DEE4362227C2D400A11D55 /* ANSSlider.m in Sources */,
				E8DEE4352227C2D400A11D55 /* UIView+MGO.m in Sources */,
				E8DEE4002227C1E500A11D55 /* ANSWebViewController.m in Sources */,
			);
			runOnlyForDeploymentPostprocessing = 0;
		};
		E89F834E221F9124008A4733 /* Sources */ = {
			isa = PBXSourcesBuildPhase;
			buildActionMask = 2147483647;
			files = (
				E89F836C221F968F008A4733 /* AnalysysSDK.m in Sources */,
				E8D6D634222118E300B7E5BA /* ANSSession.m in Sources */,
				E804F00B2230BBB100ABD3C3 /* ANSModuleConfig.m in Sources */,
				E804F00F2230BCF300ABD3C3 /* ANSBundleUtil.m in Sources */,
				E833A1F222324C14006ED08F /* NSObject+ANSSwizzling.m in Sources */,
				E89F8393221FA6A1008A4733 /* ANSTelephonyNetwork.m in Sources */,
				E833A1F122324C0B006ED08F /* NSThread+ANSHelper.m in Sources */,
				E804F0132230BF5000ABD3C3 /* ANSModuleProcessing.m in Sources */,
				E89F8398221FA80D008A4733 /* ANSSwizzler.m in Sources */,
				E89F838B221FA57C008A4733 /* ANSDeviceInfo.m in Sources */,
				E8361C042220FAA2000A01E8 /* ANSUtil.m in Sources */,
				E89F8377221F9C0B008A4733 /* ANSDataConfig.m in Sources */,
				E89F8368221F9545008A4733 /* AnalysysAgent.m in Sources */,
				E89F837E221FA1C4008A4733 /* ANSDatabase.m in Sources */,
				E89F83B0221FE02D008A4733 /* NSInvocation+ANSHelper.m in Sources */,
				E8D6D626222111A900B7E5BA /* ANSDelayStrategy.m in Sources */,
				E8D6D62B2221139600B7E5BA /* ANSConst.m in Sources */,
				E8D6D64422213E1900B7E5BA /* ANSGzip.m in Sources */,
				E812E0E6222276EC006678FA /* ANSOpenURLAutoTrack.m in Sources */,
				E89F8387221FA3F9008A4733 /* ANSJsonUtil.m in Sources */,
				E89F83A9221FDD2A008A4733 /* ANSDataFunc.m in Sources */,
				E8D6D63C22213D1900B7E5BA /* ANSUploadManager.m in Sources */,
				E8361C082220FF60000A01E8 /* ANSFileManager.m in Sources */,
				E8D6D627222111A900B7E5BA /* ANSStrategyManager.m in Sources */,
				E812E0EC2223D24F006678FA /* ANSHybrid.m in Sources */,
				E8D6D62F222118D600B7E5BA /* NSString+ANSMD5.m in Sources */,
				E8D6D628222111A900B7E5BA /* ANSUserStrategy.m in Sources */,
				E89F83AD221FDD43008A4733 /* ANSDataCheck.m in Sources */,
				E8D6D61E222111A900B7E5BA /* ANSDefaultStrategy.m in Sources */,
				E8D6D621222111A900B7E5BA /* ANSServerStrategy.m in Sources */,
				E89F837B221FA073008A4733 /* ANSConsleLog.m in Sources */,
				E812E0E5222276EC006678FA /* ANSPageAutoTrack.m in Sources */,
				E89F8392221FA6A1008A4733 /* ANSReachability.m in Sources */,
				E89F83A5221FBF13008A4733 /* ANSDataProcessing.m in Sources */,
				E89F83B5221FE035008A4733 /* ANSMediator.m in Sources */,
			);
			runOnlyForDeploymentPostprocessing = 0;
		};
/* End PBXSourcesBuildPhase section */

/* Begin PBXTargetDependency section */
		E8996E6F22291E2600FEA30A /* PBXTargetDependency */ = {
			isa = PBXTargetDependency;
			target = E89F8351221F9124008A4733 /* AnalysysAgent */;
			targetProxy = E8996E6E22291E2600FEA30A /* PBXContainerItemProxy */;
		};
/* End PBXTargetDependency section */

/* Begin PBXVariantGroup section */
		E8996E5A2229193800FEA30A /* Main.storyboard */ = {
			isa = PBXVariantGroup;
			children = (
				E8996E5B2229193800FEA30A /* Base */,
			);
			name = Main.storyboard;
			sourceTree = "<group>";
		};
		E8996E5F2229193900FEA30A /* LaunchScreen.storyboard */ = {
			isa = PBXVariantGroup;
			children = (
				E8996E602229193900FEA30A /* Base */,
			);
			name = LaunchScreen.storyboard;
			sourceTree = "<group>";
		};
		E89F833D221F90E1008A4733 /* Main.storyboard */ = {
			isa = PBXVariantGroup;
			children = (
				E89F833E221F90E1008A4733 /* Base */,
			);
			name = Main.storyboard;
			sourceTree = "<group>";
		};
		E89F8342221F90E2008A4733 /* LaunchScreen.storyboard */ = {
			isa = PBXVariantGroup;
			children = (
				E89F8343221F90E2008A4733 /* Base */,
			);
			name = LaunchScreen.storyboard;
			sourceTree = "<group>";
		};
/* End PBXVariantGroup section */

/* Begin XCBuildConfiguration section */
		E8996E632229193900FEA30A /* Debug */ = {
			isa = XCBuildConfiguration;
			buildSettings = {
				ASSETCATALOG_COMPILER_APPICON_NAME = AppIcon;
				CLANG_ENABLE_MODULES = YES;
				CODE_SIGN_STYLE = Automatic;
				DEVELOPMENT_TEAM = 95YHL39M2F;
				INFOPLIST_FILE = "AnalysysSDK-Swift/Info.plist";
				IPHONEOS_DEPLOYMENT_TARGET = 9.0;
				LD_RUNPATH_SEARCH_PATHS = (
					"$(inherited)",
					"@executable_path/Frameworks",
				);
				OTHER_LDFLAGS = "-ObjC";
				PRODUCT_BUNDLE_IDENTIFIER = com.analysys.EGAnalyticsDemo;
				PRODUCT_NAME = "$(TARGET_NAME)";
				SWIFT_ACTIVE_COMPILATION_CONDITIONS = DEBUG;
				SWIFT_OBJC_BRIDGING_HEADER = "AnalysysSDK-Swift/AnalysysSDK-Swift-Bridging-Header.h";
				SWIFT_OPTIMIZATION_LEVEL = "-Onone";
				SWIFT_VERSION = 4.2;
				TARGETED_DEVICE_FAMILY = "1,2";
			};
			name = Debug;
		};
		E8996E642229193900FEA30A /* Release */ = {
			isa = XCBuildConfiguration;
			buildSettings = {
				ASSETCATALOG_COMPILER_APPICON_NAME = AppIcon;
				CLANG_ENABLE_MODULES = YES;
				CODE_SIGN_STYLE = Automatic;
				DEVELOPMENT_TEAM = 95YHL39M2F;
				INFOPLIST_FILE = "AnalysysSDK-Swift/Info.plist";
				IPHONEOS_DEPLOYMENT_TARGET = 9.0;
				LD_RUNPATH_SEARCH_PATHS = (
					"$(inherited)",
					"@executable_path/Frameworks",
				);
				OTHER_LDFLAGS = "-ObjC";
				PRODUCT_BUNDLE_IDENTIFIER = com.analysys.EGAnalyticsDemo;
				PRODUCT_NAME = "$(TARGET_NAME)";
				SWIFT_COMPILATION_MODE = wholemodule;
				SWIFT_OBJC_BRIDGING_HEADER = "AnalysysSDK-Swift/AnalysysSDK-Swift-Bridging-Header.h";
				SWIFT_OPTIMIZATION_LEVEL = "-O";
				SWIFT_VERSION = 4.2;
				TARGETED_DEVICE_FAMILY = "1,2";
			};
			name = Release;
		};
		E89F8348221F90E2008A4733 /* Debug */ = {
			isa = XCBuildConfiguration;
			buildSettings = {
				ALWAYS_SEARCH_USER_PATHS = NO;
				CLANG_ANALYZER_NONNULL = YES;
				CLANG_ANALYZER_NUMBER_OBJECT_CONVERSION = YES_AGGRESSIVE;
				CLANG_CXX_LANGUAGE_STANDARD = "gnu++14";
				CLANG_CXX_LIBRARY = "libc++";
				CLANG_ENABLE_MODULES = YES;
				CLANG_ENABLE_OBJC_ARC = YES;
				CLANG_ENABLE_OBJC_WEAK = YES;
				CLANG_WARN_BLOCK_CAPTURE_AUTORELEASING = YES;
				CLANG_WARN_BOOL_CONVERSION = YES;
				CLANG_WARN_COMMA = YES;
				CLANG_WARN_CONSTANT_CONVERSION = YES;
				CLANG_WARN_DEPRECATED_OBJC_IMPLEMENTATIONS = YES;
				CLANG_WARN_DIRECT_OBJC_ISA_USAGE = YES_ERROR;
				CLANG_WARN_DOCUMENTATION_COMMENTS = YES;
				CLANG_WARN_EMPTY_BODY = YES;
				CLANG_WARN_ENUM_CONVERSION = YES;
				CLANG_WARN_INFINITE_RECURSION = YES;
				CLANG_WARN_INT_CONVERSION = YES;
				CLANG_WARN_NON_LITERAL_NULL_CONVERSION = YES;
				CLANG_WARN_OBJC_IMPLICIT_RETAIN_SELF = YES;
				CLANG_WARN_OBJC_LITERAL_CONVERSION = YES;
				CLANG_WARN_OBJC_ROOT_CLASS = YES_ERROR;
				CLANG_WARN_RANGE_LOOP_ANALYSIS = YES;
				CLANG_WARN_STRICT_PROTOTYPES = YES;
				CLANG_WARN_SUSPICIOUS_MOVE = YES;
				CLANG_WARN_UNGUARDED_AVAILABILITY = YES_AGGRESSIVE;
				CLANG_WARN_UNREACHABLE_CODE = YES;
				CLANG_WARN__DUPLICATE_METHOD_MATCH = YES;
				CODE_SIGN_IDENTITY = "iPhone Developer";
				COPY_PHASE_STRIP = NO;
				DEBUG_INFORMATION_FORMAT = dwarf;
				ENABLE_STRICT_OBJC_MSGSEND = YES;
				ENABLE_TESTABILITY = YES;
				GCC_C_LANGUAGE_STANDARD = gnu11;
				GCC_DYNAMIC_NO_PIC = NO;
				GCC_NO_COMMON_BLOCKS = YES;
				GCC_OPTIMIZATION_LEVEL = 0;
				GCC_PREPROCESSOR_DEFINITIONS = (
					"DEBUG=1",
					"$(inherited)",
				);
				GCC_WARN_64_TO_32_BIT_CONVERSION = YES;
				GCC_WARN_ABOUT_RETURN_TYPE = YES_ERROR;
				GCC_WARN_UNDECLARED_SELECTOR = YES;
				GCC_WARN_UNINITIALIZED_AUTOS = YES_AGGRESSIVE;
				GCC_WARN_UNUSED_FUNCTION = YES;
				GCC_WARN_UNUSED_VARIABLE = YES;
				IPHONEOS_DEPLOYMENT_TARGET = 12.1;
				MTL_ENABLE_DEBUG_INFO = INCLUDE_SOURCE;
				MTL_FAST_MATH = YES;
				ONLY_ACTIVE_ARCH = YES;
				SDKROOT = iphoneos;
			};
			name = Debug;
		};
		E89F8349221F90E2008A4733 /* Release */ = {
			isa = XCBuildConfiguration;
			buildSettings = {
				ALWAYS_SEARCH_USER_PATHS = NO;
				CLANG_ANALYZER_NONNULL = YES;
				CLANG_ANALYZER_NUMBER_OBJECT_CONVERSION = YES_AGGRESSIVE;
				CLANG_CXX_LANGUAGE_STANDARD = "gnu++14";
				CLANG_CXX_LIBRARY = "libc++";
				CLANG_ENABLE_MODULES = YES;
				CLANG_ENABLE_OBJC_ARC = YES;
				CLANG_ENABLE_OBJC_WEAK = YES;
				CLANG_WARN_BLOCK_CAPTURE_AUTORELEASING = YES;
				CLANG_WARN_BOOL_CONVERSION = YES;
				CLANG_WARN_COMMA = YES;
				CLANG_WARN_CONSTANT_CONVERSION = YES;
				CLANG_WARN_DEPRECATED_OBJC_IMPLEMENTATIONS = YES;
				CLANG_WARN_DIRECT_OBJC_ISA_USAGE = YES_ERROR;
				CLANG_WARN_DOCUMENTATION_COMMENTS = YES;
				CLANG_WARN_EMPTY_BODY = YES;
				CLANG_WARN_ENUM_CONVERSION = YES;
				CLANG_WARN_INFINITE_RECURSION = YES;
				CLANG_WARN_INT_CONVERSION = YES;
				CLANG_WARN_NON_LITERAL_NULL_CONVERSION = YES;
				CLANG_WARN_OBJC_IMPLICIT_RETAIN_SELF = YES;
				CLANG_WARN_OBJC_LITERAL_CONVERSION = YES;
				CLANG_WARN_OBJC_ROOT_CLASS = YES_ERROR;
				CLANG_WARN_RANGE_LOOP_ANALYSIS = YES;
				CLANG_WARN_STRICT_PROTOTYPES = YES;
				CLANG_WARN_SUSPICIOUS_MOVE = YES;
				CLANG_WARN_UNGUARDED_AVAILABILITY = YES_AGGRESSIVE;
				CLANG_WARN_UNREACHABLE_CODE = YES;
				CLANG_WARN__DUPLICATE_METHOD_MATCH = YES;
				CODE_SIGN_IDENTITY = "iPhone Developer";
				COPY_PHASE_STRIP = NO;
				DEBUG_INFORMATION_FORMAT = "dwarf-with-dsym";
				ENABLE_NS_ASSERTIONS = NO;
				ENABLE_STRICT_OBJC_MSGSEND = YES;
				GCC_C_LANGUAGE_STANDARD = gnu11;
				GCC_NO_COMMON_BLOCKS = YES;
				GCC_WARN_64_TO_32_BIT_CONVERSION = YES;
				GCC_WARN_ABOUT_RETURN_TYPE = YES_ERROR;
				GCC_WARN_UNDECLARED_SELECTOR = YES;
				GCC_WARN_UNINITIALIZED_AUTOS = YES_AGGRESSIVE;
				GCC_WARN_UNUSED_FUNCTION = YES;
				GCC_WARN_UNUSED_VARIABLE = YES;
				IPHONEOS_DEPLOYMENT_TARGET = 12.1;
				MTL_ENABLE_DEBUG_INFO = NO;
				MTL_FAST_MATH = YES;
				SDKROOT = iphoneos;
				VALIDATE_PRODUCT = YES;
			};
			name = Release;
		};
		E89F834B221F90E2008A4733 /* Debug */ = {
			isa = XCBuildConfiguration;
			buildSettings = {
				ASSETCATALOG_COMPILER_APPICON_NAME = AppIcon;
				CODE_SIGN_ENTITLEMENTS = "AnalysysSDK-iOS/AnalysysSDK-iOS.entitlements";
				CODE_SIGN_STYLE = Automatic;
				DEVELOPMENT_TEAM = 95YHL39M2F;
				FRAMEWORK_SEARCH_PATHS = (
					"$(inherited)",
					"$(PROJECT_DIR)/AnalysysSDK-iOS/Push/GtSdkLib",
				);
				INFOPLIST_FILE = "AnalysysSDK-iOS/Info.plist";
				IPHONEOS_DEPLOYMENT_TARGET = 9.0;
				LD_RUNPATH_SEARCH_PATHS = (
					"$(inherited)",
					"@executable_path/Frameworks",
				);
				LIBRARY_SEARCH_PATHS = (
					"$(inherited)",
					"$(PROJECT_DIR)/AnalysysSDK-iOS/Push/BaiDu",
					"$(PROJECT_DIR)/AnalysysSDK-iOS/Push/JiGuang",
					"$(PROJECT_DIR)/AnalysysSDK-iOS/Push/XiaoMi",
				);
				ONLY_ACTIVE_ARCH = YES;
				OTHER_LDFLAGS = "-ObjC";
				PRODUCT_BUNDLE_IDENTIFIER = com.analysys.EGAnalyticsDemo;
				PRODUCT_NAME = "$(TARGET_NAME)";
				TARGETED_DEVICE_FAMILY = "1,2";
			};
			name = Debug;
		};
		E89F834C221F90E2008A4733 /* Release */ = {
			isa = XCBuildConfiguration;
			buildSettings = {
				ASSETCATALOG_COMPILER_APPICON_NAME = AppIcon;
				CODE_SIGN_ENTITLEMENTS = "AnalysysSDK-iOS/AnalysysSDK-iOS.entitlements";
				CODE_SIGN_STYLE = Automatic;
				DEVELOPMENT_TEAM = 95YHL39M2F;
				FRAMEWORK_SEARCH_PATHS = (
					"$(inherited)",
					"$(PROJECT_DIR)/AnalysysSDK-iOS/Push/GtSdkLib",
				);
				INFOPLIST_FILE = "AnalysysSDK-iOS/Info.plist";
				IPHONEOS_DEPLOYMENT_TARGET = 9.0;
				LD_RUNPATH_SEARCH_PATHS = (
					"$(inherited)",
					"@executable_path/Frameworks",
				);
				LIBRARY_SEARCH_PATHS = (
					"$(inherited)",
					"$(PROJECT_DIR)/AnalysysSDK-iOS/Push/BaiDu",
					"$(PROJECT_DIR)/AnalysysSDK-iOS/Push/JiGuang",
					"$(PROJECT_DIR)/AnalysysSDK-iOS/Push/XiaoMi",
				);
				ONLY_ACTIVE_ARCH = NO;
				OTHER_LDFLAGS = "-ObjC";
				PRODUCT_BUNDLE_IDENTIFIER = com.analysys.EGAnalyticsDemo;
				PRODUCT_NAME = "$(TARGET_NAME)";
				TARGETED_DEVICE_FAMILY = "1,2";
			};
			name = Release;
		};
		E89F835C221F9124008A4733 /* Debug */ = {
			isa = XCBuildConfiguration;
			buildSettings = {
				CODE_SIGN_IDENTITY = "";
				CODE_SIGN_STYLE = Manual;
				CURRENT_PROJECT_VERSION = 1;
				DEFINES_MODULE = YES;
				DEVELOPMENT_TEAM = 95YHL39M2F;
				DYLIB_COMPATIBILITY_VERSION = 1;
				DYLIB_CURRENT_VERSION = 1;
				DYLIB_INSTALL_NAME_BASE = "@rpath";
				INFOPLIST_FILE = AnalysysAgent/Info.plist;
				INSTALL_PATH = "$(LOCAL_LIBRARY_DIR)/Frameworks";
				IPHONEOS_DEPLOYMENT_TARGET = 7.0;
				LD_RUNPATH_SEARCH_PATHS = (
					"$(inherited)",
					"@executable_path/Frameworks",
					"@loader_path/Frameworks",
				);
				MACH_O_TYPE = staticlib;
				ONLY_ACTIVE_ARCH = NO;
				OTHER_CFLAGS = "-fembed-bitcode";
				PRODUCT_BUNDLE_IDENTIFIER = com.dsc.AnalysysAgent;
				PRODUCT_NAME = "$(TARGET_NAME:c99extidentifier)";
				PROVISIONING_PROFILE_SPECIFIER = "";
				SKIP_INSTALL = YES;
				TARGETED_DEVICE_FAMILY = "1,2";
				VERSIONING_SYSTEM = "apple-generic";
				VERSION_INFO_PREFIX = "";
			};
			name = Debug;
		};
		E89F835D221F9124008A4733 /* Release */ = {
			isa = XCBuildConfiguration;
			buildSettings = {
				CODE_SIGN_IDENTITY = "";
				CODE_SIGN_STYLE = Manual;
				CURRENT_PROJECT_VERSION = 1;
				DEFINES_MODULE = YES;
				DEVELOPMENT_TEAM = 95YHL39M2F;
				DYLIB_COMPATIBILITY_VERSION = 1;
				DYLIB_CURRENT_VERSION = 1;
				DYLIB_INSTALL_NAME_BASE = "@rpath";
				INFOPLIST_FILE = AnalysysAgent/Info.plist;
				INSTALL_PATH = "$(LOCAL_LIBRARY_DIR)/Frameworks";
				IPHONEOS_DEPLOYMENT_TARGET = 7.0;
				LD_RUNPATH_SEARCH_PATHS = (
					"$(inherited)",
					"@executable_path/Frameworks",
					"@loader_path/Frameworks",
				);
				MACH_O_TYPE = staticlib;
				ONLY_ACTIVE_ARCH = NO;
				OTHER_CFLAGS = "-fembed-bitcode";
				PRODUCT_BUNDLE_IDENTIFIER = com.dsc.AnalysysAgent;
				PRODUCT_NAME = "$(TARGET_NAME:c99extidentifier)";
				PROVISIONING_PROFILE_SPECIFIER = "";
				SKIP_INSTALL = YES;
				TARGETED_DEVICE_FAMILY = "1,2";
				VERSIONING_SYSTEM = "apple-generic";
				VERSION_INFO_PREFIX = "";
			};
			name = Release;
		};
/* End XCBuildConfiguration section */

/* Begin XCConfigurationList section */
		E8996E652229193900FEA30A /* Build configuration list for PBXNativeTarget "AnalysysSDK-Swift" */ = {
			isa = XCConfigurationList;
			buildConfigurations = (
				E8996E632229193900FEA30A /* Debug */,
				E8996E642229193900FEA30A /* Release */,
			);
			defaultConfigurationIsVisible = 0;
			defaultConfigurationName = Release;
		};
		E89F832F221F90E1008A4733 /* Build configuration list for PBXProject "AnalysysSDK-iOS" */ = {
			isa = XCConfigurationList;
			buildConfigurations = (
				E89F8348221F90E2008A4733 /* Debug */,
				E89F8349221F90E2008A4733 /* Release */,
			);
			defaultConfigurationIsVisible = 0;
			defaultConfigurationName = Release;
		};
		E89F834A221F90E2008A4733 /* Build configuration list for PBXNativeTarget "AnalysysSDK-iOS" */ = {
			isa = XCConfigurationList;
			buildConfigurations = (
				E89F834B221F90E2008A4733 /* Debug */,
				E89F834C221F90E2008A4733 /* Release */,
			);
			defaultConfigurationIsVisible = 0;
			defaultConfigurationName = Release;
		};
		E89F835B221F9124008A4733 /* Build configuration list for PBXNativeTarget "AnalysysAgent" */ = {
			isa = XCConfigurationList;
			buildConfigurations = (
				E89F835C221F9124008A4733 /* Debug */,
				E89F835D221F9124008A4733 /* Release */,
			);
			defaultConfigurationIsVisible = 0;
			defaultConfigurationName = Release;
		};
/* End XCConfigurationList section */
	};
	rootObject = E89F832C221F90E1008A4733 /* Project object */;
}
